
Microsoft Visual Studio Solution File, Format Version 12.00
# Visual Studio Version 17
VisualStudioVersion = 17.14.36717.8 d17.14
MinimumVisualStudioVersion = 10.0.40219.1
Project("{FAE04EC0-301F-11D3-BF4B-00C04F79EFBC}") = "WinFormsHello", "WinFormsHello\WinFormsHello.csproj", "{F4EB5381-1B48-4552-AFB2-3A06B7A850C0}"
EndProject
Global
	GlobalSection(SolutionConfigurationPlatforms) = preSolution
		Debug|Any CPU = Debug|Any CPU
		Release|Any CPU = Release|Any CPU
	EndGlobalSection
	GlobalSection(ProjectConfigurationPlatforms) = postSolution
		{F4EB5381-1B48-4552-AFB2-3A06B7A850C0}.Debug|Any CPU.ActiveCfg = Debug|Any CPU
		{F4EB5381-1B48-4552-AFB2-3A06B7A850C0}.Debug|Any CPU.Build.0 = Debug|Any CPU
		{F4EB5381-1B48-4552-AFB2-3A06B7A850C0}.Release|Any CPU.ActiveCfg = Release|Any CPU
		{F4EB5381-1B48-4552-AFB2-3A06B7A850C0}.Release|Any CPU.Build.0 = Release|Any CPU
	EndGlobalSection
	GlobalSection(SolutionProperties) = preSolution
		HideSolutionNode = FALSE
	EndGlobalSection
	GlobalSection(ExtensibilityGlobals) = postSolution
		SolutionGuid = {C9BD99C8-E376-448D-9E5A-CC4E3BCF3332}
	EndGlobalSection
EndGlobal
