
Microsoft Visual Studio Solution File, Format Version 12.00
# Visual Studio Version 17
VisualStudioVersion = 17.11.35222.181
MinimumVisualStudioVersion = 10.0.40219.1
Project("{FAE04EC0-301F-11D3-BF4B-00C04F79EFBC}") = "Nonogram.Wpf", "Nonogram.Wpf.csproj", "{B36B4636-4944-4C21-AFC9-5C4B843E4FA9}"
EndProject
Project("{9A19103F-16F7-4668-BE54-9A1E7A4F7556}") = "Nonogram.Business", "..\Nonogram.Business\Nonogram.Business.csproj", "{CA766098-BE00-4C5B-B31F-133B38D1990E}"
EndProject
Global
	GlobalSection(SolutionConfigurationPlatforms) = preSolution
		Debug|Any CPU = Debug|Any CPU
		Release|Any CPU = Release|Any CPU
	EndGlobalSection
	GlobalSection(ProjectConfigurationPlatforms) = postSolution
		{B36B4636-4944-4C21-AFC9-5C4B843E4FA9}.Debug|Any CPU.ActiveCfg = Debug|Any CPU
		{B36B4636-4944-4C21-AFC9-5C4B843E4FA9}.Debug|Any CPU.Build.0 = Debug|Any CPU
		{B36B4636-4944-4C21-AFC9-5C4B843E4FA9}.Release|Any CPU.ActiveCfg = Release|Any CPU
		{B36B4636-4944-4C21-AFC9-5C4B843E4FA9}.Release|Any CPU.Build.0 = Release|Any CPU
		{CA766098-BE00-4C5B-B31F-133B38D1990E}.Debug|Any CPU.ActiveCfg = Debug|Any CPU
		{CA766098-BE00-4C5B-B31F-133B38D1990E}.Debug|Any CPU.Build.0 = Debug|Any CPU
		{CA766098-BE00-4C5B-B31F-133B38D1990E}.Release|Any CPU.ActiveCfg = Release|Any CPU
		{CA766098-BE00-4C5B-B31F-133B38D1990E}.Release|Any CPU.Build.0 = Release|Any CPU
	EndGlobalSection
	GlobalSection(SolutionProperties) = preSolution
		HideSolutionNode = FALSE
	EndGlobalSection
	GlobalSection(ExtensibilityGlobals) = postSolution
		SolutionGuid = {B9A3AB4B-21CC-464F-BA04-637CA87DC404}
	EndGlobalSection
EndGlobal
