
Microsoft Visual Studio Solution File, Format Version 12.00
# Visual Studio Version 17
VisualStudioVersion = 17.13.35919.96
MinimumVisualStudioVersion = 10.0.40219.1
Project("{FAE04EC0-301F-11D3-BF4B-00C04F79EFBC}") = "Game2048.WebApi", "Game2048.WebApi\Game2048.WebApi.csproj", "{A3D32AA0-462C-4C4E-82D1-B6877DC490CF}"
EndProject
Project("{FAE04EC0-301F-11D3-BF4B-00C04F79EFBC}") = "Game2048.Business", "Game2048.Business\Game2048.Business.csproj", "{844877F9-96DC-4E15-A2E3-7F03140E29B5}"
EndProject
Project("{FAE04EC0-301F-11D3-BF4B-00C04F79EFBC}") = "Game2048.Common", "Game2048.Common\Game2048.Common.csproj", "{6B224532-AABE-43CD-9F88-BD39D618705F}"
EndProject
Project("{FAE04EC0-301F-11D3-BF4B-00C04F79EFBC}") = "Game2048.DataAccess.EF", "Game2048.DataAccess.EF\Game2048.DataAccess.EF.csproj", "{5A328344-1FBF-4B2E-B76E-1DB51D021181}"
EndProject
Project("{FAE04EC0-301F-11D3-BF4B-00C04F79EFBC}") = "Game2048.UnitTest", "Game2048.UnitTest\Game2048.UnitTest.csproj", "{D97DC26C-17C2-4DE9-AA7F-45632CEB83E0}"
EndProject
Global
	GlobalSection(SolutionConfigurationPlatforms) = preSolution
		Debug|Any CPU = Debug|Any CPU
		Release|Any CPU = Release|Any CPU
	EndGlobalSection
	GlobalSection(ProjectConfigurationPlatforms) = postSolution
		{A3D32AA0-462C-4C4E-82D1-B6877DC490CF}.Debug|Any CPU.ActiveCfg = Debug|Any CPU
		{A3D32AA0-462C-4C4E-82D1-B6877DC490CF}.Debug|Any CPU.Build.0 = Debug|Any CPU
		{A3D32AA0-462C-4C4E-82D1-B6877DC490CF}.Release|Any CPU.ActiveCfg = Release|Any CPU
		{A3D32AA0-462C-4C4E-82D1-B6877DC490CF}.Release|Any CPU.Build.0 = Release|Any CPU
		{844877F9-96DC-4E15-A2E3-7F03140E29B5}.Debug|Any CPU.ActiveCfg = Debug|Any CPU
		{844877F9-96DC-4E15-A2E3-7F03140E29B5}.Debug|Any CPU.Build.0 = Debug|Any CPU
		{844877F9-96DC-4E15-A2E3-7F03140E29B5}.Release|Any CPU.ActiveCfg = Release|Any CPU
		{844877F9-96DC-4E15-A2E3-7F03140E29B5}.Release|Any CPU.Build.0 = Release|Any CPU
		{6B224532-AABE-43CD-9F88-BD39D618705F}.Debug|Any CPU.ActiveCfg = Debug|Any CPU
		{6B224532-AABE-43CD-9F88-BD39D618705F}.Debug|Any CPU.Build.0 = Debug|Any CPU
		{6B224532-AABE-43CD-9F88-BD39D618705F}.Release|Any CPU.ActiveCfg = Release|Any CPU
		{6B224532-AABE-43CD-9F88-BD39D618705F}.Release|Any CPU.Build.0 = Release|Any CPU
		{5A328344-1FBF-4B2E-B76E-1DB51D021181}.Debug|Any CPU.ActiveCfg = Debug|Any CPU
		{5A328344-1FBF-4B2E-B76E-1DB51D021181}.Debug|Any CPU.Build.0 = Debug|Any CPU
		{5A328344-1FBF-4B2E-B76E-1DB51D021181}.Release|Any CPU.ActiveCfg = Release|Any CPU
		{5A328344-1FBF-4B2E-B76E-1DB51D021181}.Release|Any CPU.Build.0 = Release|Any CPU
		{D97DC26C-17C2-4DE9-AA7F-45632CEB83E0}.Debug|Any CPU.ActiveCfg = Debug|Any CPU
		{D97DC26C-17C2-4DE9-AA7F-45632CEB83E0}.Debug|Any CPU.Build.0 = Debug|Any CPU
		{D97DC26C-17C2-4DE9-AA7F-45632CEB83E0}.Release|Any CPU.ActiveCfg = Release|Any CPU
		{D97DC26C-17C2-4DE9-AA7F-45632CEB83E0}.Release|Any CPU.Build.0 = Release|Any CPU
	EndGlobalSection
	GlobalSection(SolutionProperties) = preSolution
		HideSolutionNode = FALSE
	EndGlobalSection
	GlobalSection(ExtensibilityGlobals) = postSolution
		SolutionGuid = {39947DA3-725F-4DE0-BCF3-0034A465AA0E}
	EndGlobalSection
EndGlobal
