
Microsoft Visual Studio Solution File, Format Version 12.00
# Visual Studio Version 17
VisualStudioVersion = 17.13.35931.197 d17.13
MinimumVisualStudioVersion = 10.0.40219.1
Project("{FAE04EC0-301F-11D3-BF4B-00C04F79EFBC}") = "RectangleEditor", "RectangleEditor\RectangleEditor.csproj", "{91A8E1AE-A988-4330-A54B-7FDB98C976A9}"
EndProject
Global
	GlobalSection(SolutionConfigurationPlatforms) = preSolution
		Debug|Any CPU = Debug|Any CPU
		Release|Any CPU = Release|Any CPU
	EndGlobalSection
	GlobalSection(ProjectConfigurationPlatforms) = postSolution
		{91A8E1AE-A988-4330-A54B-7FDB98C976A9}.Debug|Any CPU.ActiveCfg = Debug|Any CPU
		{91A8E1AE-A988-4330-A54B-7FDB98C976A9}.Debug|Any CPU.Build.0 = Debug|Any CPU
		{91A8E1AE-A988-4330-A54B-7FDB98C976A9}.Release|Any CPU.ActiveCfg = Release|Any CPU
		{91A8E1AE-A988-4330-A54B-7FDB98C976A9}.Release|Any CPU.Build.0 = Release|Any CPU
	EndGlobalSection
	GlobalSection(SolutionProperties) = preSolution
		HideSolutionNode = FALSE
	EndGlobalSection
	GlobalSection(ExtensibilityGlobals) = postSolution
		SolutionGuid = {496ABDFC-77D0-4827-8344-3CEBA9B6D202}
	EndGlobalSection
EndGlobal
