
Microsoft Visual Studio Solution File, Format Version 12.00
# Visual Studio Version 17
VisualStudioVersion = 17.13.35828.75 d17.13
MinimumVisualStudioVersion = 10.0.40219.1
Project("{FAE04EC0-301F-11D3-BF4B-00C04F79EFBC}") = "sahur", "sahur\sahur.csproj", "{34600037-DCD4-4C9A-B491-184E7D35536F}"
EndProject
Project("{FAE04EC0-301F-11D3-BF4B-00C04F79EFBC}") = "sahur_business", "sahur_business\sahur_business.csproj", "{AC45B5D1-FF03-405B-A722-C59C1B5F1E24}"
EndProject
Global
	GlobalSection(SolutionConfigurationPlatforms) = preSolution
		Debug|Any CPU = Debug|Any CPU
		Release|Any CPU = Release|Any CPU
	EndGlobalSection
	GlobalSection(ProjectConfigurationPlatforms) = postSolution
		{34600037-DCD4-4C9A-B491-184E7D35536F}.Debug|Any CPU.ActiveCfg = Debug|Any CPU
		{34600037-DCD4-4C9A-B491-184E7D35536F}.Debug|Any CPU.Build.0 = Debug|Any CPU
		{34600037-DCD4-4C9A-B491-184E7D35536F}.Release|Any CPU.ActiveCfg = Release|Any CPU
		{34600037-DCD4-4C9A-B491-184E7D35536F}.Release|Any CPU.Build.0 = Release|Any CPU
		{AC45B5D1-FF03-405B-A722-C59C1B5F1E24}.Debug|Any CPU.ActiveCfg = Debug|Any CPU
		{AC45B5D1-FF03-405B-A722-C59C1B5F1E24}.Debug|Any CPU.Build.0 = Debug|Any CPU
		{AC45B5D1-FF03-405B-A722-C59C1B5F1E24}.Release|Any CPU.ActiveCfg = Release|Any CPU
		{AC45B5D1-FF03-405B-A722-C59C1B5F1E24}.Release|Any CPU.Build.0 = Release|Any CPU
	EndGlobalSection
	GlobalSection(SolutionProperties) = preSolution
		HideSolutionNode = FALSE
	EndGlobalSection
	GlobalSection(ExtensibilityGlobals) = postSolution
		SolutionGuid = {DC5CA1E3-CA2E-4E90-9F97-1F383CCE3ECA}
	EndGlobalSection
EndGlobal
