
Microsoft Visual Studio Solution File, Format Version 12.00
# Visual Studio Version 17
VisualStudioVersion = 17.14.36915.13 d17.14
MinimumVisualStudioVersion = 10.0.40219.1
Project("{FAE04EC0-301F-11D3-BF4B-00C04F79EFBC}") = "Nonogram.Common", "Nonogram.Common.csproj", "{46F299A5-E7FD-4125-BA15-FEC9A767F85B}"
EndProject
Global
	GlobalSection(SolutionConfigurationPlatforms) = preSolution
		Debug|Any CPU = Debug|Any CPU
		Release|Any CPU = Release|Any CPU
	EndGlobalSection
	GlobalSection(ProjectConfigurationPlatforms) = postSolution
		{46F299A5-E7FD-4125-BA15-FEC9A767F85B}.Debug|Any CPU.ActiveCfg = Debug|Any CPU
		{46F299A5-E7FD-4125-BA15-FEC9A767F85B}.Debug|Any CPU.Build.0 = Debug|Any CPU
		{46F299A5-E7FD-4125-BA15-FEC9A767F85B}.Release|Any CPU.ActiveCfg = Release|Any CPU
		{46F299A5-E7FD-4125-BA15-FEC9A767F85B}.Release|Any CPU.Build.0 = Release|Any CPU
	EndGlobalSection
	GlobalSection(SolutionProperties) = preSolution
		HideSolutionNode = FALSE
	EndGlobalSection
	GlobalSection(ExtensibilityGlobals) = postSolution
		SolutionGuid = {3B645D5F-68C4-4846-A853-4808530EEE9B}
	EndGlobalSection
EndGlobal
