
Microsoft Visual Studio Solution File, Format Version 12.00
# Visual Studio Version 17
VisualStudioVersion = 17.14.36930.0 d17.14
MinimumVisualStudioVersion = 10.0.40219.1
Project("{FAE04EC0-301F-11D3-BF4B-00C04F79EFBC}") = "GraphEditor", "GraphEditor\GraphEditor.csproj", "{F53D6B52-0B27-41CF-B9C2-FD1A609E3DB8}"
EndProject
Project("{FAE04EC0-301F-11D3-BF4B-00C04F79EFBC}") = "GraphEditor.Business", "GraphEditor.Business\GraphEditor.Business.csproj", "{42E5F826-5E4C-4205-BCA8-2F55340EBE7A}"
EndProject
Global
	GlobalSection(SolutionConfigurationPlatforms) = preSolution
		Debug|Any CPU = Debug|Any CPU
		Release|Any CPU = Release|Any CPU
	EndGlobalSection
	GlobalSection(ProjectConfigurationPlatforms) = postSolution
		{F53D6B52-0B27-41CF-B9C2-FD1A609E3DB8}.Debug|Any CPU.ActiveCfg = Debug|Any CPU
		{F53D6B52-0B27-41CF-B9C2-FD1A609E3DB8}.Debug|Any CPU.Build.0 = Debug|Any CPU
		{F53D6B52-0B27-41CF-B9C2-FD1A609E3DB8}.Release|Any CPU.ActiveCfg = Release|Any CPU
		{F53D6B52-0B27-41CF-B9C2-FD1A609E3DB8}.Release|Any CPU.Build.0 = Release|Any CPU
		{42E5F826-5E4C-4205-BCA8-2F55340EBE7A}.Debug|Any CPU.ActiveCfg = Debug|Any CPU
		{42E5F826-5E4C-4205-BCA8-2F55340EBE7A}.Debug|Any CPU.Build.0 = Debug|Any CPU
		{42E5F826-5E4C-4205-BCA8-2F55340EBE7A}.Release|Any CPU.ActiveCfg = Release|Any CPU
		{42E5F826-5E4C-4205-BCA8-2F55340EBE7A}.Release|Any CPU.Build.0 = Release|Any CPU
	EndGlobalSection
	GlobalSection(SolutionProperties) = preSolution
		HideSolutionNode = FALSE
	EndGlobalSection
	GlobalSection(ExtensibilityGlobals) = postSolution
		SolutionGuid = {9DE59B18-7E48-4347-84C3-6608F906E4EC}
	EndGlobalSection
EndGlobal
