
Microsoft Visual Studio Solution File, Format Version 12.00
# Visual Studio Version 17
VisualStudioVersion = 17.13.35919.96 d17.13
MinimumVisualStudioVersion = 10.0.40219.1
Project("{FAE04EC0-301F-11D3-BF4B-00C04F79EFBC}") = "WindowsFormsApp2", "WindowsFormsApp2\WindowsFormsApp2.csproj", "{833C5AE1-FAF7-41E7-9366-C1DB95980FEB}"
EndProject
Global
	GlobalSection(SolutionConfigurationPlatforms) = preSolution
		Debug|Any CPU = Debug|Any CPU
		Release|Any CPU = Release|Any CPU
	EndGlobalSection
	GlobalSection(ProjectConfigurationPlatforms) = postSolution
		{833C5AE1-FAF7-41E7-9366-C1DB95980FEB}.Debug|Any CPU.ActiveCfg = Debug|Any CPU
		{833C5AE1-FAF7-41E7-9366-C1DB95980FEB}.Debug|Any CPU.Build.0 = Debug|Any CPU
		{833C5AE1-FAF7-41E7-9366-C1DB95980FEB}.Release|Any CPU.ActiveCfg = Release|Any CPU
		{833C5AE1-FAF7-41E7-9366-C1DB95980FEB}.Release|Any CPU.Build.0 = Release|Any CPU
	EndGlobalSection
	GlobalSection(SolutionProperties) = preSolution
		HideSolutionNode = FALSE
	EndGlobalSection
	GlobalSection(ExtensibilityGlobals) = postSolution
		SolutionGuid = {D3CB8BDE-D2F7-4D3B-A17D-9A38C25A591B}
	EndGlobalSection
EndGlobal
