
Microsoft Visual Studio Solution File, Format Version 12.00
# Visual Studio Version 17
VisualStudioVersion = 17.7.34003.232
MinimumVisualStudioVersion = 10.0.40219.1
Project("{FAE04EC0-301F-11D3-BF4B-00C04F79EFBC}") = "GraphEditor", "GraphEditor\GraphEditor.csproj", "{48F6D009-6B41-42D1-AC3C-973C3837C03B}"
EndProject
Project("{FAE04EC0-301F-11D3-BF4B-00C04F79EFBC}") = "GraphEditor.Business", "GraphEditor.Business\GraphEditor.Business.csproj", "{5C1CEE00-4350-457F-BAD8-AAE3CF63E135}"
EndProject
Global
	GlobalSection(SolutionConfigurationPlatforms) = preSolution
		Debug|Any CPU = Debug|Any CPU
		Release|Any CPU = Release|Any CPU
	EndGlobalSection
	GlobalSection(ProjectConfigurationPlatforms) = postSolution
		{48F6D009-6B41-42D1-AC3C-973C3837C03B}.Debug|Any CPU.ActiveCfg = Debug|Any CPU
		{48F6D009-6B41-42D1-AC3C-973C3837C03B}.Debug|Any CPU.Build.0 = Debug|Any CPU
		{48F6D009-6B41-42D1-AC3C-973C3837C03B}.Release|Any CPU.ActiveCfg = Release|Any CPU
		{48F6D009-6B41-42D1-AC3C-973C3837C03B}.Release|Any CPU.Build.0 = Release|Any CPU
		{5C1CEE00-4350-457F-BAD8-AAE3CF63E135}.Debug|Any CPU.ActiveCfg = Debug|Any CPU
		{5C1CEE00-4350-457F-BAD8-AAE3CF63E135}.Debug|Any CPU.Build.0 = Debug|Any CPU
		{5C1CEE00-4350-457F-BAD8-AAE3CF63E135}.Release|Any CPU.ActiveCfg = Release|Any CPU
		{5C1CEE00-4350-457F-BAD8-AAE3CF63E135}.Release|Any CPU.Build.0 = Release|Any CPU
	EndGlobalSection
	GlobalSection(SolutionProperties) = preSolution
		HideSolutionNode = FALSE
	EndGlobalSection
	GlobalSection(ExtensibilityGlobals) = postSolution
		SolutionGuid = {1E7D7C7C-FB14-4540-8939-2836C0E0678B}
	EndGlobalSection
EndGlobal
