
Microsoft Visual Studio Solution File, Format Version 12.00
# Visual Studio Version 18
VisualStudioVersion = 18.4.11626.88 stable
MinimumVisualStudioVersion = 10.0.40219.1
Project("{FAE04EC0-301F-11D3-BF4B-00C04F79EFBC}") = "CalculatorMurzin", "CalculatorMurzin.csproj", "{1369F374-091B-4C82-A304-53239C3A7653}"
EndProject
Project("{FAE04EC0-301F-11D3-BF4B-00C04F79EFBC}") = "Calculator.BusinessMurzin", "..\Calculator.Business\Calculator.BusinessMurzin.csproj", "{2E55723A-8FD9-4CE5-97A3-54D6D5CCAD7B}"
EndProject
Global
	GlobalSection(SolutionConfigurationPlatforms) = preSolution
		Debug|Any CPU = Debug|Any CPU
		Release|Any CPU = Release|Any CPU
	EndGlobalSection
	GlobalSection(ProjectConfigurationPlatforms) = postSolution
		{1369F374-091B-4C82-A304-53239C3A7653}.Debug|Any CPU.ActiveCfg = Debug|Any CPU
		{1369F374-091B-4C82-A304-53239C3A7653}.Debug|Any CPU.Build.0 = Debug|Any CPU
		{1369F374-091B-4C82-A304-53239C3A7653}.Release|Any CPU.ActiveCfg = Release|Any CPU
		{1369F374-091B-4C82-A304-53239C3A7653}.Release|Any CPU.Build.0 = Release|Any CPU
		{2E55723A-8FD9-4CE5-97A3-54D6D5CCAD7B}.Debug|Any CPU.ActiveCfg = Debug|Any CPU
		{2E55723A-8FD9-4CE5-97A3-54D6D5CCAD7B}.Debug|Any CPU.Build.0 = Debug|Any CPU
		{2E55723A-8FD9-4CE5-97A3-54D6D5CCAD7B}.Release|Any CPU.ActiveCfg = Release|Any CPU
		{2E55723A-8FD9-4CE5-97A3-54D6D5CCAD7B}.Release|Any CPU.Build.0 = Release|Any CPU
	EndGlobalSection
	GlobalSection(SolutionProperties) = preSolution
		HideSolutionNode = FALSE
	EndGlobalSection
	GlobalSection(ExtensibilityGlobals) = postSolution
		SolutionGuid = {8D44F147-738E-4356-8D2C-88A1BA815BF6}
	EndGlobalSection
EndGlobal
