
Microsoft Visual Studio Solution File, Format Version 12.00
Project("{FAE04EC0-301F-11D3-BF4B-00C04F79EFBC}") = "Minesweeper", "Minesweeper\Minesweeper.csproj", "{C3A2F232-4581-4742-AFE7-6AE113D0F06C}"
EndProject
Project("{FAE04EC0-301F-11D3-BF4B-00C04F79EFBC}") = "Minesweeper.Business", "Minesweeper.Business\Minesweeper.Business.csproj", "{05C83C3C-7DEC-459C-912F-77D8A7265BB9}"
EndProject
Global
	GlobalSection(SolutionConfigurationPlatforms) = preSolution
		Debug|Any CPU = Debug|Any CPU
		Release|Any CPU = Release|Any CPU
	EndGlobalSection
	GlobalSection(ProjectConfigurationPlatforms) = postSolution
		{C3A2F232-4581-4742-AFE7-6AE113D0F06C}.Debug|Any CPU.ActiveCfg = Debug|Any CPU
		{C3A2F232-4581-4742-AFE7-6AE113D0F06C}.Debug|Any CPU.Build.0 = Debug|Any CPU
		{C3A2F232-4581-4742-AFE7-6AE113D0F06C}.Release|Any CPU.ActiveCfg = Release|Any CPU
		{C3A2F232-4581-4742-AFE7-6AE113D0F06C}.Release|Any CPU.Build.0 = Release|Any CPU
		{05C83C3C-7DEC-459C-912F-77D8A7265BB9}.Debug|Any CPU.ActiveCfg = Debug|Any CPU
		{05C83C3C-7DEC-459C-912F-77D8A7265BB9}.Debug|Any CPU.Build.0 = Debug|Any CPU
		{05C83C3C-7DEC-459C-912F-77D8A7265BB9}.Release|Any CPU.ActiveCfg = Release|Any CPU
		{05C83C3C-7DEC-459C-912F-77D8A7265BB9}.Release|Any CPU.Build.0 = Release|Any CPU
	EndGlobalSection
EndGlobal
