
Microsoft Visual Studio Solution File, Format Version 12.00
# Visual Studio Version 17
VisualStudioVersion = 17.14.36414.22 d17.14
MinimumVisualStudioVersion = 10.0.40219.1
Project("{FAE04EC0-301F-11D3-BF4B-00C04F79EFBC}") = "FifteenGame.Server", "FifteenGame.Server\FifteenGame.Server.csproj", "{65E029F3-A777-4119-BC3A-D5E9BF39550C}"
EndProject
Project("{FAE04EC0-301F-11D3-BF4B-00C04F79EFBC}") = "FifteenGame.Common", "FifteenGame.Common\FifteenGame.Common.csproj", "{21C3009D-0934-49AA-B97D-E935D242E833}"
EndProject
Project("{FAE04EC0-301F-11D3-BF4B-00C04F79EFBC}") = "FifteenGame.DataAccess.EF", "FifteenGame.DataAccess.EF\FifteenGame.DataAccess.EF.csproj", "{F6867A26-BC8E-4778-B6D3-4EFE68CC34D1}"
EndProject
Project("{FAE04EC0-301F-11D3-BF4B-00C04F79EFBC}") = "FifteenGame.Business", "FifteenGame.Business\FifteenGame.Business.csproj", "{3ECC3A3C-9BE6-4A35-A5F0-D806AEC2D218}"
EndProject
Project("{FAE04EC0-301F-11D3-BF4B-00C04F79EFBC}") = "FifteenGame.UnitTests", "FifteenGame.UnitTests\FifteenGame.UnitTests.csproj", "{8681BA6F-58FD-4E73-8AAE-3C855EF56AF5}"
EndProject
Global
	GlobalSection(SolutionConfigurationPlatforms) = preSolution
		Debug|Any CPU = Debug|Any CPU
		Release|Any CPU = Release|Any CPU
	EndGlobalSection
	GlobalSection(ProjectConfigurationPlatforms) = postSolution
		{65E029F3-A777-4119-BC3A-D5E9BF39550C}.Debug|Any CPU.ActiveCfg = Debug|Any CPU
		{65E029F3-A777-4119-BC3A-D5E9BF39550C}.Debug|Any CPU.Build.0 = Debug|Any CPU
		{65E029F3-A777-4119-BC3A-D5E9BF39550C}.Release|Any CPU.ActiveCfg = Release|Any CPU
		{65E029F3-A777-4119-BC3A-D5E9BF39550C}.Release|Any CPU.Build.0 = Release|Any CPU
		{21C3009D-0934-49AA-B97D-E935D242E833}.Debug|Any CPU.ActiveCfg = Debug|Any CPU
		{21C3009D-0934-49AA-B97D-E935D242E833}.Debug|Any CPU.Build.0 = Debug|Any CPU
		{21C3009D-0934-49AA-B97D-E935D242E833}.Release|Any CPU.ActiveCfg = Release|Any CPU
		{21C3009D-0934-49AA-B97D-E935D242E833}.Release|Any CPU.Build.0 = Release|Any CPU
		{F6867A26-BC8E-4778-B6D3-4EFE68CC34D1}.Debug|Any CPU.ActiveCfg = Debug|Any CPU
		{F6867A26-BC8E-4778-B6D3-4EFE68CC34D1}.Debug|Any CPU.Build.0 = Debug|Any CPU
		{F6867A26-BC8E-4778-B6D3-4EFE68CC34D1}.Release|Any CPU.ActiveCfg = Release|Any CPU
		{F6867A26-BC8E-4778-B6D3-4EFE68CC34D1}.Release|Any CPU.Build.0 = Release|Any CPU
		{3ECC3A3C-9BE6-4A35-A5F0-D806AEC2D218}.Debug|Any CPU.ActiveCfg = Debug|Any CPU
		{3ECC3A3C-9BE6-4A35-A5F0-D806AEC2D218}.Debug|Any CPU.Build.0 = Debug|Any CPU
		{3ECC3A3C-9BE6-4A35-A5F0-D806AEC2D218}.Release|Any CPU.ActiveCfg = Release|Any CPU
		{3ECC3A3C-9BE6-4A35-A5F0-D806AEC2D218}.Release|Any CPU.Build.0 = Release|Any CPU
		{8681BA6F-58FD-4E73-8AAE-3C855EF56AF5}.Debug|Any CPU.ActiveCfg = Debug|Any CPU
		{8681BA6F-58FD-4E73-8AAE-3C855EF56AF5}.Debug|Any CPU.Build.0 = Debug|Any CPU
		{8681BA6F-58FD-4E73-8AAE-3C855EF56AF5}.Release|Any CPU.ActiveCfg = Release|Any CPU
		{8681BA6F-58FD-4E73-8AAE-3C855EF56AF5}.Release|Any CPU.Build.0 = Release|Any CPU
	EndGlobalSection
	GlobalSection(SolutionProperties) = preSolution
		HideSolutionNode = FALSE
	EndGlobalSection
	GlobalSection(ExtensibilityGlobals) = postSolution
		SolutionGuid = {BA89A71C-9E00-4167-AD60-1429367C8C8C}
	EndGlobalSection
EndGlobal
