
Microsoft Visual Studio Solution File, Format Version 12.00
# Visual Studio Version 17
VisualStudioVersion = 17.12.35707.178 d17.12
MinimumVisualStudioVersion = 10.0.40219.1
Project("{FAE04EC0-301F-11D3-BF4B-00C04F79EFBC}") = "TicTacToe", "TicTacToe\TicTacToe.csproj", "{32F80FDC-FBE1-4C5A-85CA-F5D14BB43BD7}"
EndProject
Project("{FAE04EC0-301F-11D3-BF4B-00C04F79EFBC}") = "TicTacToe.Business", "TicTacToe.Business\TicTacToe.Business.csproj", "{7008DB65-2130-4E97-8FD4-F867C5F888CC}"
EndProject
Global
	GlobalSection(SolutionConfigurationPlatforms) = preSolution
		Debug|Any CPU = Debug|Any CPU
		Release|Any CPU = Release|Any CPU
	EndGlobalSection
	GlobalSection(ProjectConfigurationPlatforms) = postSolution
		{32F80FDC-FBE1-4C5A-85CA-F5D14BB43BD7}.Debug|Any CPU.ActiveCfg = Debug|Any CPU
		{32F80FDC-FBE1-4C5A-85CA-F5D14BB43BD7}.Debug|Any CPU.Build.0 = Debug|Any CPU
		{32F80FDC-FBE1-4C5A-85CA-F5D14BB43BD7}.Release|Any CPU.ActiveCfg = Release|Any CPU
		{32F80FDC-FBE1-4C5A-85CA-F5D14BB43BD7}.Release|Any CPU.Build.0 = Release|Any CPU
		{7008DB65-2130-4E97-8FD4-F867C5F888CC}.Debug|Any CPU.ActiveCfg = Debug|Any CPU
		{7008DB65-2130-4E97-8FD4-F867C5F888CC}.Debug|Any CPU.Build.0 = Debug|Any CPU
		{7008DB65-2130-4E97-8FD4-F867C5F888CC}.Release|Any CPU.ActiveCfg = Release|Any CPU
		{7008DB65-2130-4E97-8FD4-F867C5F888CC}.Release|Any CPU.Build.0 = Release|Any CPU
	EndGlobalSection
	GlobalSection(SolutionProperties) = preSolution
		HideSolutionNode = FALSE
	EndGlobalSection
EndGlobal
