
Microsoft Visual Studio Solution File, Format Version 12.00
# Visual Studio Version 17
VisualStudioVersion = 17.14.36930.0 d17.14
MinimumVisualStudioVersion = 10.0.40219.1
Project("{FAE04EC0-301F-11D3-BF4B-00C04F79EFBC}") = "Calculator.Wpf", "Calculator.Wpf\Calculator.Wpf.csproj", "{C1ADF330-FF7D-45A5-BC0C-FFA808D36333}"
EndProject
Project("{FAE04EC0-301F-11D3-BF4B-00C04F79EFBC}") = "Calculator.Business", "..\..\3. Calculator\Calculator\Calculator.Business\Calculator.Business.csproj", "{55BB961E-1BB2-40D2-B6F9-457FA9A2828E}"
EndProject
Global
	GlobalSection(SolutionConfigurationPlatforms) = preSolution
		Debug|Any CPU = Debug|Any CPU
		Release|Any CPU = Release|Any CPU
	EndGlobalSection
	GlobalSection(ProjectConfigurationPlatforms) = postSolution
		{C1ADF330-FF7D-45A5-BC0C-FFA808D36333}.Debug|Any CPU.ActiveCfg = Debug|Any CPU
		{C1ADF330-FF7D-45A5-BC0C-FFA808D36333}.Debug|Any CPU.Build.0 = Debug|Any CPU
		{C1ADF330-FF7D-45A5-BC0C-FFA808D36333}.Release|Any CPU.ActiveCfg = Release|Any CPU
		{C1ADF330-FF7D-45A5-BC0C-FFA808D36333}.Release|Any CPU.Build.0 = Release|Any CPU
		{55BB961E-1BB2-40D2-B6F9-457FA9A2828E}.Debug|Any CPU.ActiveCfg = Debug|Any CPU
		{55BB961E-1BB2-40D2-B6F9-457FA9A2828E}.Debug|Any CPU.Build.0 = Debug|Any CPU
		{55BB961E-1BB2-40D2-B6F9-457FA9A2828E}.Release|Any CPU.ActiveCfg = Release|Any CPU
		{55BB961E-1BB2-40D2-B6F9-457FA9A2828E}.Release|Any CPU.Build.0 = Release|Any CPU
	EndGlobalSection
	GlobalSection(SolutionProperties) = preSolution
		HideSolutionNode = FALSE
	EndGlobalSection
	GlobalSection(ExtensibilityGlobals) = postSolution
		SolutionGuid = {25D7B45C-86F7-4F02-BDA7-7FEEC8EF0A6F}
	EndGlobalSection
EndGlobal
