
Microsoft Visual Studio Solution File, Format Version 12.00
# Visual Studio Version 17
VisualStudioVersion = 17.7.34003.232
MinimumVisualStudioVersion = 10.0.40219.1
Project("{FAE04EC0-301F-11D3-BF4B-00C04F79EFBC}") = "FifteenGame.Web", "FifteenGame.Web\FifteenGame.Web.csproj", "{493126AC-3F3F-494C-A18A-3B88195331B2}"
EndProject
Project("{FAE04EC0-301F-11D3-BF4B-00C04F79EFBC}") = "FifteenGame.Business", "FifteenGame.Business\FifteenGame.Business.csproj", "{31478FA4-97D5-44FB-8239-D55A6FC77500}"
EndProject
Global
	GlobalSection(SolutionConfigurationPlatforms) = preSolution
		Debug|Any CPU = Debug|Any CPU
		Release|Any CPU = Release|Any CPU
	EndGlobalSection
	GlobalSection(ProjectConfigurationPlatforms) = postSolution
		{493126AC-3F3F-494C-A18A-3B88195331B2}.Debug|Any CPU.ActiveCfg = Debug|Any CPU
		{493126AC-3F3F-494C-A18A-3B88195331B2}.Debug|Any CPU.Build.0 = Debug|Any CPU
		{493126AC-3F3F-494C-A18A-3B88195331B2}.Release|Any CPU.ActiveCfg = Release|Any CPU
		{493126AC-3F3F-494C-A18A-3B88195331B2}.Release|Any CPU.Build.0 = Release|Any CPU
		{31478FA4-97D5-44FB-8239-D55A6FC77500}.Debug|Any CPU.ActiveCfg = Debug|Any CPU
		{31478FA4-97D5-44FB-8239-D55A6FC77500}.Debug|Any CPU.Build.0 = Debug|Any CPU
		{31478FA4-97D5-44FB-8239-D55A6FC77500}.Release|Any CPU.ActiveCfg = Release|Any CPU
		{31478FA4-97D5-44FB-8239-D55A6FC77500}.Release|Any CPU.Build.0 = Release|Any CPU
	EndGlobalSection
	GlobalSection(SolutionProperties) = preSolution
		HideSolutionNode = FALSE
	EndGlobalSection
	GlobalSection(ExtensibilityGlobals) = postSolution
		SolutionGuid = {1FE128AB-88A3-4B23-932D-8EAC10EDAB52}
	EndGlobalSection
EndGlobal
