
Microsoft Visual Studio Solution File, Format Version 12.00
# Visual Studio Version 17
VisualStudioVersion = 17.14.36717.8 d17.14
MinimumVisualStudioVersion = 10.0.40219.1
Project("{FAE04EC0-301F-11D3-BF4B-00C04F79EFBC}") = "WinFormsHello", "WinFormsHello\WinFormsHello.csproj", "{63412DA1-E176-4D5D-A415-E928B7C82523}"
EndProject
Global
	GlobalSection(SolutionConfigurationPlatforms) = preSolution
		Debug|Any CPU = Debug|Any CPU
		Release|Any CPU = Release|Any CPU
	EndGlobalSection
	GlobalSection(ProjectConfigurationPlatforms) = postSolution
		{63412DA1-E176-4D5D-A415-E928B7C82523}.Debug|Any CPU.ActiveCfg = Debug|Any CPU
		{63412DA1-E176-4D5D-A415-E928B7C82523}.Debug|Any CPU.Build.0 = Debug|Any CPU
		{63412DA1-E176-4D5D-A415-E928B7C82523}.Release|Any CPU.ActiveCfg = Release|Any CPU
		{63412DA1-E176-4D5D-A415-E928B7C82523}.Release|Any CPU.Build.0 = Release|Any CPU
	EndGlobalSection
	GlobalSection(SolutionProperties) = preSolution
		HideSolutionNode = FALSE
	EndGlobalSection
	GlobalSection(ExtensibilityGlobals) = postSolution
		SolutionGuid = {627286F1-1F84-4C08-863C-27770FD912B9}
	EndGlobalSection
EndGlobal
