
Microsoft Visual Studio Solution File, Format Version 12.00
# Visual Studio Version 17
VisualStudioVersion = 17.13.35931.197 d17.13
MinimumVisualStudioVersion = 10.0.40219.1
Project("{FAE04EC0-301F-11D3-BF4B-00C04F79EFBC}") = "MouseEvents", "MouseEvents\MouseEvents.csproj", "{0984D91A-C377-467E-9AED-E31884AB64AB}"
EndProject
Global
	GlobalSection(SolutionConfigurationPlatforms) = preSolution
		Debug|Any CPU = Debug|Any CPU
		Release|Any CPU = Release|Any CPU
	EndGlobalSection
	GlobalSection(ProjectConfigurationPlatforms) = postSolution
		{0984D91A-C377-467E-9AED-E31884AB64AB}.Debug|Any CPU.ActiveCfg = Debug|Any CPU
		{0984D91A-C377-467E-9AED-E31884AB64AB}.Debug|Any CPU.Build.0 = Debug|Any CPU
		{0984D91A-C377-467E-9AED-E31884AB64AB}.Release|Any CPU.ActiveCfg = Release|Any CPU
		{0984D91A-C377-467E-9AED-E31884AB64AB}.Release|Any CPU.Build.0 = Release|Any CPU
	EndGlobalSection
	GlobalSection(SolutionProperties) = preSolution
		HideSolutionNode = FALSE
	EndGlobalSection
	GlobalSection(ExtensibilityGlobals) = postSolution
		SolutionGuid = {55B859FC-88F9-42C2-8E60-F5568F5D45F5}
	EndGlobalSection
EndGlobal
