
Microsoft Visual Studio Solution File, Format Version 12.00
# Visual Studio Version 17
VisualStudioVersion = 17.14.36414.22
MinimumVisualStudioVersion = 10.0.40219.1
Project("{FAE04EC0-301F-11D3-BF4B-00C04F79EFBC}") = "Game.Web", "FifteenGame.Web\Game.Web.csproj", "{83800049-DE3F-413E-8085-A1F2DA1E82E3}"
EndProject
Project("{FAE04EC0-301F-11D3-BF4B-00C04F79EFBC}") = "Game.Business", "FifteenGame.Business\Game.Business.csproj", "{49EFE736-3358-4D0B-A8AF-499A9AE4071F}"
EndProject
Global
	GlobalSection(SolutionConfigurationPlatforms) = preSolution
		Debug|Any CPU = Debug|Any CPU
		Release|Any CPU = Release|Any CPU
	EndGlobalSection
	GlobalSection(ProjectConfigurationPlatforms) = postSolution
		{83800049-DE3F-413E-8085-A1F2DA1E82E3}.Debug|Any CPU.ActiveCfg = Debug|Any CPU
		{83800049-DE3F-413E-8085-A1F2DA1E82E3}.Debug|Any CPU.Build.0 = Debug|Any CPU
		{83800049-DE3F-413E-8085-A1F2DA1E82E3}.Release|Any CPU.ActiveCfg = Release|Any CPU
		{83800049-DE3F-413E-8085-A1F2DA1E82E3}.Release|Any CPU.Build.0 = Release|Any CPU
		{49EFE736-3358-4D0B-A8AF-499A9AE4071F}.Debug|Any CPU.ActiveCfg = Debug|Any CPU
		{49EFE736-3358-4D0B-A8AF-499A9AE4071F}.Debug|Any CPU.Build.0 = Debug|Any CPU
		{49EFE736-3358-4D0B-A8AF-499A9AE4071F}.Release|Any CPU.ActiveCfg = Release|Any CPU
		{49EFE736-3358-4D0B-A8AF-499A9AE4071F}.Release|Any CPU.Build.0 = Release|Any CPU
	EndGlobalSection
	GlobalSection(SolutionProperties) = preSolution
		HideSolutionNode = FALSE
	EndGlobalSection
	GlobalSection(ExtensibilityGlobals) = postSolution
		SolutionGuid = {84173DF8-55CD-481E-AEA5-FB5F8379A073}
	EndGlobalSection
EndGlobal
