
Microsoft Visual Studio Solution File, Format Version 12.00
# Visual Studio Version 17
VisualStudioVersion = 17.14.36518.9
MinimumVisualStudioVersion = 10.0.40219.1
Project("{FAE04EC0-301F-11D3-BF4B-00C04F79EFBC}") = "Minesweeper", "Minesweeper\Minesweeper.csproj", "{9B4F579C-D82A-4B5F-931F-885D7902CCC9}"
EndProject
Project("{FAE04EC0-301F-11D3-BF4B-00C04F79EFBC}") = "Minesweeper.Business", "Minesweeper.Business\Minesweeper.Business.csproj", "{11993174-4FAC-4078-B43E-D01A5CFCE74E}"
EndProject
Global
	GlobalSection(SolutionConfigurationPlatforms) = preSolution
		Debug|Any CPU = Debug|Any CPU
		Release|Any CPU = Release|Any CPU
	EndGlobalSection
	GlobalSection(ProjectConfigurationPlatforms) = postSolution
		{9B4F579C-D82A-4B5F-931F-885D7902CCC9}.Debug|Any CPU.ActiveCfg = Debug|Any CPU
		{9B4F579C-D82A-4B5F-931F-885D7902CCC9}.Debug|Any CPU.Build.0 = Debug|Any CPU
		{9B4F579C-D82A-4B5F-931F-885D7902CCC9}.Release|Any CPU.ActiveCfg = Release|Any CPU
		{9B4F579C-D82A-4B5F-931F-885D7902CCC9}.Release|Any CPU.Build.0 = Release|Any CPU
		{11993174-4FAC-4078-B43E-D01A5CFCE74E}.Debug|Any CPU.ActiveCfg = Debug|Any CPU
		{11993174-4FAC-4078-B43E-D01A5CFCE74E}.Debug|Any CPU.Build.0 = Debug|Any CPU
		{11993174-4FAC-4078-B43E-D01A5CFCE74E}.Release|Any CPU.ActiveCfg = Release|Any CPU
		{11993174-4FAC-4078-B43E-D01A5CFCE74E}.Release|Any CPU.Build.0 = Release|Any CPU
	EndGlobalSection
	GlobalSection(SolutionProperties) = preSolution
		HideSolutionNode = FALSE
	EndGlobalSection
	GlobalSection(ExtensibilityGlobals) = postSolution
		SolutionGuid = {F4EA7372-B93E-41F0-BBE7-B7A679D156A0}
	EndGlobalSection
EndGlobal
