
Microsoft Visual Studio Solution File, Format Version 12.00
# Visual Studio Version 17
VisualStudioVersion = 17.14.36915.13 d17.14
MinimumVisualStudioVersion = 10.0.40219.1
Project("{FAE04EC0-301F-11D3-BF4B-00C04F79EFBC}") = "Nonogram.BusinessProxy", "Nonogram.BusinessProxy.csproj", "{C593C118-F088-4EEE-888E-6B74A9293C0C}"
EndProject
Global
	GlobalSection(SolutionConfigurationPlatforms) = preSolution
		Debug|Any CPU = Debug|Any CPU
		Release|Any CPU = Release|Any CPU
	EndGlobalSection
	GlobalSection(ProjectConfigurationPlatforms) = postSolution
		{C593C118-F088-4EEE-888E-6B74A9293C0C}.Debug|Any CPU.ActiveCfg = Debug|Any CPU
		{C593C118-F088-4EEE-888E-6B74A9293C0C}.Debug|Any CPU.Build.0 = Debug|Any CPU
		{C593C118-F088-4EEE-888E-6B74A9293C0C}.Release|Any CPU.ActiveCfg = Release|Any CPU
		{C593C118-F088-4EEE-888E-6B74A9293C0C}.Release|Any CPU.Build.0 = Release|Any CPU
	EndGlobalSection
	GlobalSection(SolutionProperties) = preSolution
		HideSolutionNode = FALSE
	EndGlobalSection
	GlobalSection(ExtensibilityGlobals) = postSolution
		SolutionGuid = {D15579DA-ED9F-4037-A1F6-68665C808647}
	EndGlobalSection
EndGlobal
