
Microsoft Visual Studio Solution File, Format Version 12.00
# Visual Studio Version 17
VisualStudioVersion = 17.11.35303.130
MinimumVisualStudioVersion = 10.0.40219.1
Project("{FAE04EC0-301F-11D3-BF4B-00C04F79EFBC}") = "LightsOut.Wpf", "LightsOut.Wpf\LightsOut.Wpf.csproj", "{0B3FBBDA-0BD1-4F3A-8459-25255F914C0D}"
EndProject
Project("{FAE04EC0-301F-11D3-BF4B-00C04F79EFBC}") = "LightsOut.Business", "LightsOut.Business\LightsOut.Business.csproj", "{F7B11D63-739B-4FDA-8C2D-9FC682CFD2D8}"
EndProject
Global
	GlobalSection(SolutionConfigurationPlatforms) = preSolution
		Debug|Any CPU = Debug|Any CPU
		Release|Any CPU = Release|Any CPU
	EndGlobalSection
	GlobalSection(ProjectConfigurationPlatforms) = postSolution
		{0B3FBBDA-0BD1-4F3A-8459-25255F914C0D}.Debug|Any CPU.ActiveCfg = Debug|Any CPU
		{0B3FBBDA-0BD1-4F3A-8459-25255F914C0D}.Debug|Any CPU.Build.0 = Debug|Any CPU
		{0B3FBBDA-0BD1-4F3A-8459-25255F914C0D}.Release|Any CPU.ActiveCfg = Release|Any CPU
		{0B3FBBDA-0BD1-4F3A-8459-25255F914C0D}.Release|Any CPU.Build.0 = Release|Any CPU
		{F7B11D63-739B-4FDA-8C2D-9FC682CFD2D8}.Debug|Any CPU.ActiveCfg = Debug|Any CPU
		{F7B11D63-739B-4FDA-8C2D-9FC682CFD2D8}.Debug|Any CPU.Build.0 = Debug|Any CPU
		{F7B11D63-739B-4FDA-8C2D-9FC682CFD2D8}.Release|Any CPU.ActiveCfg = Release|Any CPU
		{F7B11D63-739B-4FDA-8C2D-9FC682CFD2D8}.Release|Any CPU.Build.0 = Release|Any CPU
	EndGlobalSection
	GlobalSection(SolutionProperties) = preSolution
		HideSolutionNode = FALSE
	EndGlobalSection
	GlobalSection(ExtensibilityGlobals) = postSolution
		SolutionGuid = {221037AE-D15E-4017-AAE8-0C39D6DDE878}
	EndGlobalSection
EndGlobal
