
Microsoft Visual Studio Solution File, Format Version 12.00
# Visual Studio Version 17
VisualStudioVersion = 17.11.35222.181
MinimumVisualStudioVersion = 10.0.40219.1
Project("{FAE04EC0-301F-11D3-BF4B-00C04F79EFBC}") = "CalculatorWPF", "CalculatorWPF\CalculatorWPF.csproj", "{EFF5E7C3-00B5-4B26-9F80-D2F8BABBCF71}"
EndProject
Project("{FAE04EC0-301F-11D3-BF4B-00C04F79EFBC}") = "Calculator.Business", "Calculator.Business\Calculator.Business.csproj", "{DD7BC6EA-8739-45EC-8107-AB9A1D7E3EEF}"
EndProject
Global
	GlobalSection(SolutionConfigurationPlatforms) = preSolution
		Debug|Any CPU = Debug|Any CPU
		Release|Any CPU = Release|Any CPU
	EndGlobalSection
	GlobalSection(ProjectConfigurationPlatforms) = postSolution
		{EFF5E7C3-00B5-4B26-9F80-D2F8BABBCF71}.Debug|Any CPU.ActiveCfg = Debug|Any CPU
		{EFF5E7C3-00B5-4B26-9F80-D2F8BABBCF71}.Debug|Any CPU.Build.0 = Debug|Any CPU
		{EFF5E7C3-00B5-4B26-9F80-D2F8BABBCF71}.Release|Any CPU.ActiveCfg = Release|Any CPU
		{EFF5E7C3-00B5-4B26-9F80-D2F8BABBCF71}.Release|Any CPU.Build.0 = Release|Any CPU
		{DD7BC6EA-8739-45EC-8107-AB9A1D7E3EEF}.Debug|Any CPU.ActiveCfg = Debug|Any CPU
		{DD7BC6EA-8739-45EC-8107-AB9A1D7E3EEF}.Debug|Any CPU.Build.0 = Debug|Any CPU
		{DD7BC6EA-8739-45EC-8107-AB9A1D7E3EEF}.Release|Any CPU.ActiveCfg = Release|Any CPU
		{DD7BC6EA-8739-45EC-8107-AB9A1D7E3EEF}.Release|Any CPU.Build.0 = Release|Any CPU
	EndGlobalSection
	GlobalSection(SolutionProperties) = preSolution
		HideSolutionNode = FALSE
	EndGlobalSection
	GlobalSection(ExtensibilityGlobals) = postSolution
		SolutionGuid = {B41F5D81-4178-487C-A88F-51F39D313617}
	EndGlobalSection
EndGlobal
