
Microsoft Visual Studio Solution File, Format Version 12.00
# Visual Studio Version 17
VisualStudioVersion = 17.12.35707.178
MinimumVisualStudioVersion = 10.0.40219.1
Project("{FAE04EC0-301F-11D3-BF4B-00C04F79EFBC}") = "CardFile.WPF", "CardFile.WPF\CardFile.WPF.csproj", "{AE52A2A5-4B6E-4EFF-BFB0-A61F8EE09B52}"
EndProject
Project("{FAE04EC0-301F-11D3-BF4B-00C04F79EFBC}") = "CardFile.Business", "CardFile.Business\CardFile.Business.csproj", "{15D09467-0C04-4737-82F2-997D59128564}"
EndProject
Project("{FAE04EC0-301F-11D3-BF4B-00C04F79EFBC}") = "CardFile.DataStore", "CardFile.DataStore\CardFile.DataStore.csproj", "{D9B3821E-8A76-407A-885D-F43C77FEA229}"
EndProject
Project("{FAE04EC0-301F-11D3-BF4B-00C04F79EFBC}") = "CardFile.Common", "CardFile.Common\CardFile.Common.csproj", "{297280DF-D856-44CF-8DFE-7AB63C616759}"
EndProject
Global
	GlobalSection(SolutionConfigurationPlatforms) = preSolution
		Debug|Any CPU = Debug|Any CPU
		Release|Any CPU = Release|Any CPU
	EndGlobalSection
	GlobalSection(ProjectConfigurationPlatforms) = postSolution
		{AE52A2A5-4B6E-4EFF-BFB0-A61F8EE09B52}.Debug|Any CPU.ActiveCfg = Debug|Any CPU
		{AE52A2A5-4B6E-4EFF-BFB0-A61F8EE09B52}.Debug|Any CPU.Build.0 = Debug|Any CPU
		{AE52A2A5-4B6E-4EFF-BFB0-A61F8EE09B52}.Release|Any CPU.ActiveCfg = Release|Any CPU
		{AE52A2A5-4B6E-4EFF-BFB0-A61F8EE09B52}.Release|Any CPU.Build.0 = Release|Any CPU
		{15D09467-0C04-4737-82F2-997D59128564}.Debug|Any CPU.ActiveCfg = Debug|Any CPU
		{15D09467-0C04-4737-82F2-997D59128564}.Debug|Any CPU.Build.0 = Debug|Any CPU
		{15D09467-0C04-4737-82F2-997D59128564}.Release|Any CPU.ActiveCfg = Release|Any CPU
		{15D09467-0C04-4737-82F2-997D59128564}.Release|Any CPU.Build.0 = Release|Any CPU
		{D9B3821E-8A76-407A-885D-F43C77FEA229}.Debug|Any CPU.ActiveCfg = Debug|Any CPU
		{D9B3821E-8A76-407A-885D-F43C77FEA229}.Debug|Any CPU.Build.0 = Debug|Any CPU
		{D9B3821E-8A76-407A-885D-F43C77FEA229}.Release|Any CPU.ActiveCfg = Release|Any CPU
		{D9B3821E-8A76-407A-885D-F43C77FEA229}.Release|Any CPU.Build.0 = Release|Any CPU
		{297280DF-D856-44CF-8DFE-7AB63C616759}.Debug|Any CPU.ActiveCfg = Debug|Any CPU
		{297280DF-D856-44CF-8DFE-7AB63C616759}.Debug|Any CPU.Build.0 = Debug|Any CPU
		{297280DF-D856-44CF-8DFE-7AB63C616759}.Release|Any CPU.ActiveCfg = Release|Any CPU
		{297280DF-D856-44CF-8DFE-7AB63C616759}.Release|Any CPU.Build.0 = Release|Any CPU
	EndGlobalSection
	GlobalSection(SolutionProperties) = preSolution
		HideSolutionNode = FALSE
	EndGlobalSection
EndGlobal
