
Microsoft Visual Studio Solution File, Format Version 12.00
# Visual Studio Version 17
VisualStudioVersion = 17.11.35222.181
MinimumVisualStudioVersion = 10.0.40219.1
Project("{FAE04EC0-301F-11D3-BF4B-00C04F79EFBC}") = "RectangleEditor", "RectangleEditor\RectangleEditor.csproj", "{FC9ABD21-444B-42E1-AE44-CD5320860166}"
EndProject
Global
	GlobalSection(SolutionConfigurationPlatforms) = preSolution
		Debug|Any CPU = Debug|Any CPU
		Release|Any CPU = Release|Any CPU
	EndGlobalSection
	GlobalSection(ProjectConfigurationPlatforms) = postSolution
		{FC9ABD21-444B-42E1-AE44-CD5320860166}.Debug|Any CPU.ActiveCfg = Debug|Any CPU
		{FC9ABD21-444B-42E1-AE44-CD5320860166}.Debug|Any CPU.Build.0 = Debug|Any CPU
		{FC9ABD21-444B-42E1-AE44-CD5320860166}.Release|Any CPU.ActiveCfg = Release|Any CPU
		{FC9ABD21-444B-42E1-AE44-CD5320860166}.Release|Any CPU.Build.0 = Release|Any CPU
	EndGlobalSection
	GlobalSection(SolutionProperties) = preSolution
		HideSolutionNode = FALSE
	EndGlobalSection
	GlobalSection(ExtensibilityGlobals) = postSolution
		SolutionGuid = {64B4922F-FBE6-4820-9915-118186765EC0}
	EndGlobalSection
EndGlobal
