
Microsoft Visual Studio Solution File, Format Version 12.00
# Visual Studio Version 17
VisualStudioVersion = 17.14.36930.0 d17.14
MinimumVisualStudioVersion = 10.0.40219.1
Project("{FAE04EC0-301F-11D3-BF4B-00C04F79EFBC}") = "Drawing", "Drawing\Drawing.csproj", "{EB2298A8-403C-4B55-B9C6-D60A94557281}"
EndProject
Global
	GlobalSection(SolutionConfigurationPlatforms) = preSolution
		Debug|Any CPU = Debug|Any CPU
		Release|Any CPU = Release|Any CPU
	EndGlobalSection
	GlobalSection(ProjectConfigurationPlatforms) = postSolution
		{EB2298A8-403C-4B55-B9C6-D60A94557281}.Debug|Any CPU.ActiveCfg = Debug|Any CPU
		{EB2298A8-403C-4B55-B9C6-D60A94557281}.Debug|Any CPU.Build.0 = Debug|Any CPU
		{EB2298A8-403C-4B55-B9C6-D60A94557281}.Release|Any CPU.ActiveCfg = Release|Any CPU
		{EB2298A8-403C-4B55-B9C6-D60A94557281}.Release|Any CPU.Build.0 = Release|Any CPU
	EndGlobalSection
	GlobalSection(SolutionProperties) = preSolution
		HideSolutionNode = FALSE
	EndGlobalSection
	GlobalSection(ExtensibilityGlobals) = postSolution
		SolutionGuid = {D0D67510-8F1E-49F9-824E-53207CFA47E0}
	EndGlobalSection
EndGlobal
