
Microsoft Visual Studio Solution File, Format Version 12.00
# Visual Studio Version 17
VisualStudioVersion = 17.13.35931.197 d17.13
MinimumVisualStudioVersion = 10.0.40219.1
Project("{FAE04EC0-301F-11D3-BF4B-00C04F79EFBC}") = "WpfApp1", "WpfApp1\WpfApp1.csproj", "{E02EA94A-F4CA-48A9-BE6B-D1EDD33E1D2C}"
EndProject
Project("{2150E333-8FDC-42A3-9474-1A3956D46DE8}") = "Solution Items", "Solution Items", "{36D591C7-65C7-A0D1-1CBC-10CDE441BDC8}"
	ProjectSection(SolutionItems) = preProject
		.editorconfig = .editorconfig
	EndProjectSection
EndProject
Global
	GlobalSection(SolutionConfigurationPlatforms) = preSolution
		Debug|Any CPU = Debug|Any CPU
		Release|Any CPU = Release|Any CPU
	EndGlobalSection
	GlobalSection(ProjectConfigurationPlatforms) = postSolution
		{E02EA94A-F4CA-48A9-BE6B-D1EDD33E1D2C}.Debug|Any CPU.ActiveCfg = Debug|Any CPU
		{E02EA94A-F4CA-48A9-BE6B-D1EDD33E1D2C}.Debug|Any CPU.Build.0 = Debug|Any CPU
		{E02EA94A-F4CA-48A9-BE6B-D1EDD33E1D2C}.Release|Any CPU.ActiveCfg = Release|Any CPU
		{E02EA94A-F4CA-48A9-BE6B-D1EDD33E1D2C}.Release|Any CPU.Build.0 = Release|Any CPU
	EndGlobalSection
	GlobalSection(SolutionProperties) = preSolution
		HideSolutionNode = FALSE
	EndGlobalSection
	GlobalSection(ExtensibilityGlobals) = postSolution
		SolutionGuid = {1DD9E77C-5FC4-4157-860D-1956B70CE715}
	EndGlobalSection
EndGlobal
