
Microsoft Visual Studio Solution File, Format Version 12.00
# Visual Studio Version 17
VisualStudioVersion = 17.13.35931.197
MinimumVisualStudioVersion = 10.0.40219.1
Project("{FAE04EC0-301F-11D3-BF4B-00C04F79EFBC}") = "CardFile.Wpf", "CardFile.Wpf\CardFile.Wpf.csproj", "{9F68C3EA-786E-4799-8959-61132D842984}"
EndProject
Project("{FAE04EC0-301F-11D3-BF4B-00C04F79EFBC}") = "CardFile.Business", "CardFile.Business\CardFile.Business.csproj", "{A88459AE-8C66-48DC-8DCA-5F0343577DD8}"
EndProject
Project("{FAE04EC0-301F-11D3-BF4B-00C04F79EFBC}") = "CardFile.DataAccess", "CardFile.DataAccess\CardFile.DataAccess.csproj", "{E4DC5025-6E73-4BF3-A45E-0E7786EEC5F3}"
EndProject
Project("{FAE04EC0-301F-11D3-BF4B-00C04F79EFBC}") = "CardFile.Common", "CardFile.Common\CardFile.Common.csproj", "{0B385089-425E-4E38-8273-D54CECDD8C27}"
EndProject
Global
	GlobalSection(SolutionConfigurationPlatforms) = preSolution
		Debug|Any CPU = Debug|Any CPU
		Release|Any CPU = Release|Any CPU
	EndGlobalSection
	GlobalSection(ProjectConfigurationPlatforms) = postSolution
		{9F68C3EA-786E-4799-8959-61132D842984}.Debug|Any CPU.ActiveCfg = Debug|Any CPU
		{9F68C3EA-786E-4799-8959-61132D842984}.Debug|Any CPU.Build.0 = Debug|Any CPU
		{9F68C3EA-786E-4799-8959-61132D842984}.Release|Any CPU.ActiveCfg = Release|Any CPU
		{9F68C3EA-786E-4799-8959-61132D842984}.Release|Any CPU.Build.0 = Release|Any CPU
		{A88459AE-8C66-48DC-8DCA-5F0343577DD8}.Debug|Any CPU.ActiveCfg = Debug|Any CPU
		{A88459AE-8C66-48DC-8DCA-5F0343577DD8}.Debug|Any CPU.Build.0 = Debug|Any CPU
		{A88459AE-8C66-48DC-8DCA-5F0343577DD8}.Release|Any CPU.ActiveCfg = Release|Any CPU
		{A88459AE-8C66-48DC-8DCA-5F0343577DD8}.Release|Any CPU.Build.0 = Release|Any CPU
		{E4DC5025-6E73-4BF3-A45E-0E7786EEC5F3}.Debug|Any CPU.ActiveCfg = Debug|Any CPU
		{E4DC5025-6E73-4BF3-A45E-0E7786EEC5F3}.Debug|Any CPU.Build.0 = Debug|Any CPU
		{E4DC5025-6E73-4BF3-A45E-0E7786EEC5F3}.Release|Any CPU.ActiveCfg = Release|Any CPU
		{E4DC5025-6E73-4BF3-A45E-0E7786EEC5F3}.Release|Any CPU.Build.0 = Release|Any CPU
		{0B385089-425E-4E38-8273-D54CECDD8C27}.Debug|Any CPU.ActiveCfg = Debug|Any CPU
		{0B385089-425E-4E38-8273-D54CECDD8C27}.Debug|Any CPU.Build.0 = Debug|Any CPU
		{0B385089-425E-4E38-8273-D54CECDD8C27}.Release|Any CPU.ActiveCfg = Release|Any CPU
		{0B385089-425E-4E38-8273-D54CECDD8C27}.Release|Any CPU.Build.0 = Release|Any CPU
	EndGlobalSection
	GlobalSection(SolutionProperties) = preSolution
		HideSolutionNode = FALSE
	EndGlobalSection
	GlobalSection(ExtensibilityGlobals) = postSolution
		SolutionGuid = {B8C3E15F-F3D4-4B9D-A425-ABC6FA618248}
	EndGlobalSection
EndGlobal
