
Microsoft Visual Studio Solution File, Format Version 12.00
# Visual Studio Version 17
VisualStudioVersion = 17.13.35919.96 d17.13
MinimumVisualStudioVersion = 10.0.40219.1
Project("{FAE04EC0-301F-11D3-BF4B-00C04F79EFBC}") = "Game2048.WEB", "Game2048.WEB\Game2048.WEB.csproj", "{EADDC6D0-0EC3-4176-8449-6D5227FD9B06}"
EndProject
Project("{FAE04EC0-301F-11D3-BF4B-00C04F79EFBC}") = "Game2048.Business", "Game2048.Business\Game2048.Business.csproj", "{CC08361F-D391-489C-AAF8-9695BC4D9610}"
EndProject
Global
	GlobalSection(SolutionConfigurationPlatforms) = preSolution
		Debug|Any CPU = Debug|Any CPU
		Release|Any CPU = Release|Any CPU
	EndGlobalSection
	GlobalSection(ProjectConfigurationPlatforms) = postSolution
		{EADDC6D0-0EC3-4176-8449-6D5227FD9B06}.Debug|Any CPU.ActiveCfg = Debug|Any CPU
		{EADDC6D0-0EC3-4176-8449-6D5227FD9B06}.Debug|Any CPU.Build.0 = Debug|Any CPU
		{EADDC6D0-0EC3-4176-8449-6D5227FD9B06}.Release|Any CPU.ActiveCfg = Release|Any CPU
		{EADDC6D0-0EC3-4176-8449-6D5227FD9B06}.Release|Any CPU.Build.0 = Release|Any CPU
		{CC08361F-D391-489C-AAF8-9695BC4D9610}.Debug|Any CPU.ActiveCfg = Debug|Any CPU
		{CC08361F-D391-489C-AAF8-9695BC4D9610}.Debug|Any CPU.Build.0 = Debug|Any CPU
		{CC08361F-D391-489C-AAF8-9695BC4D9610}.Release|Any CPU.ActiveCfg = Release|Any CPU
		{CC08361F-D391-489C-AAF8-9695BC4D9610}.Release|Any CPU.Build.0 = Release|Any CPU
	EndGlobalSection
	GlobalSection(SolutionProperties) = preSolution
		HideSolutionNode = FALSE
	EndGlobalSection
	GlobalSection(ExtensibilityGlobals) = postSolution
		SolutionGuid = {E13B8D7A-111F-44BA-964A-8C8CDAB5BA7E}
	EndGlobalSection
EndGlobal
