
Microsoft Visual Studio Solution File, Format Version 12.00
# Visual Studio Version 17
VisualStudioVersion = 17.14.36930.0
MinimumVisualStudioVersion = 10.0.40219.1
Project("{FAE04EC0-301F-11D3-BF4B-00C04F79EFBC}") = "FifteenGame.Wpf", "FifteenGame.Wpf\FifteenGame.Wpf.csproj", "{C8C1252D-7FDE-4704-AA46-545F238C041E}"
EndProject
Project("{FAE04EC0-301F-11D3-BF4B-00C04F79EFBC}") = "FifteenGame.Common", "..\..\9. Game DB\EF\FifteenGame\FifteenGame.Common\FifteenGame.Common.csproj", "{09EBD9D5-1B25-4C30-B12D-ED8442709F88}"
EndProject
Project("{FAE04EC0-301F-11D3-BF4B-00C04F79EFBC}") = "FifteenGame.BusinessProxy", "FifteenGame.BusinessProxy\FifteenGame.BusinessProxy.csproj", "{322D7017-653D-4AA7-825B-919F68AD933A}"
EndProject
Project("{FAE04EC0-301F-11D3-BF4B-00C04F79EFBC}") = "FifteenGame.ClientUnitTests", "FifteenGame.ClientUnitTests\FifteenGame.ClientUnitTests.csproj", "{97A5EEFD-EA69-4C4E-8A35-A82DF6D737D4}"
EndProject
Global
	GlobalSection(SolutionConfigurationPlatforms) = preSolution
		Debug|Any CPU = Debug|Any CPU
		Release|Any CPU = Release|Any CPU
	EndGlobalSection
	GlobalSection(ProjectConfigurationPlatforms) = postSolution
		{C8C1252D-7FDE-4704-AA46-545F238C041E}.Debug|Any CPU.ActiveCfg = Debug|Any CPU
		{C8C1252D-7FDE-4704-AA46-545F238C041E}.Debug|Any CPU.Build.0 = Debug|Any CPU
		{C8C1252D-7FDE-4704-AA46-545F238C041E}.Release|Any CPU.ActiveCfg = Release|Any CPU
		{C8C1252D-7FDE-4704-AA46-545F238C041E}.Release|Any CPU.Build.0 = Release|Any CPU
		{09EBD9D5-1B25-4C30-B12D-ED8442709F88}.Debug|Any CPU.ActiveCfg = Debug|Any CPU
		{09EBD9D5-1B25-4C30-B12D-ED8442709F88}.Debug|Any CPU.Build.0 = Debug|Any CPU
		{09EBD9D5-1B25-4C30-B12D-ED8442709F88}.Release|Any CPU.ActiveCfg = Release|Any CPU
		{09EBD9D5-1B25-4C30-B12D-ED8442709F88}.Release|Any CPU.Build.0 = Release|Any CPU
		{322D7017-653D-4AA7-825B-919F68AD933A}.Debug|Any CPU.ActiveCfg = Debug|Any CPU
		{322D7017-653D-4AA7-825B-919F68AD933A}.Debug|Any CPU.Build.0 = Debug|Any CPU
		{322D7017-653D-4AA7-825B-919F68AD933A}.Release|Any CPU.ActiveCfg = Release|Any CPU
		{322D7017-653D-4AA7-825B-919F68AD933A}.Release|Any CPU.Build.0 = Release|Any CPU
		{97A5EEFD-EA69-4C4E-8A35-A82DF6D737D4}.Debug|Any CPU.ActiveCfg = Debug|Any CPU
		{97A5EEFD-EA69-4C4E-8A35-A82DF6D737D4}.Debug|Any CPU.Build.0 = Debug|Any CPU
		{97A5EEFD-EA69-4C4E-8A35-A82DF6D737D4}.Release|Any CPU.ActiveCfg = Release|Any CPU
		{97A5EEFD-EA69-4C4E-8A35-A82DF6D737D4}.Release|Any CPU.Build.0 = Release|Any CPU
	EndGlobalSection
	GlobalSection(SolutionProperties) = preSolution
		HideSolutionNode = FALSE
	EndGlobalSection
	GlobalSection(ExtensibilityGlobals) = postSolution
		SolutionGuid = {2C5E41B9-E445-4E28-B6BA-64C11E31F8FC}
	EndGlobalSection
EndGlobal
