
Microsoft Visual Studio Solution File, Format Version 12.00
# Visual Studio Version 17
VisualStudioVersion = 17.14.36811.4
MinimumVisualStudioVersion = 10.0.40219.1
Project("{FAE04EC0-301F-11D3-BF4B-00C04F79EFBC}") = "Nonogram.Server", "Nonogram.Server.csproj", "{F2F75C7B-D2BA-499E-B470-62A598809FDC}"
	ProjectSection(ProjectDependencies) = postProject
		{2E5F2C02-A60B-19A9-DB81-2478C449B64E} = {2E5F2C02-A60B-19A9-DB81-2478C449B64E}
		{F20C4B07-A7B4-C856-F759-E1AD5EB07A97} = {F20C4B07-A7B4-C856-F759-E1AD5EB07A97}
		{FA69A35A-098A-84F1-0B5D-95FA9C3F1D9A} = {FA69A35A-098A-84F1-0B5D-95FA9C3F1D9A}
	EndProjectSection
EndProject
Project("{FAE04EC0-301F-11D3-BF4B-00C04F79EFBC}") = "Nonogram.Business", "..\Nonogram.Business\Nonogram.Business.csproj", "{FA69A35A-098A-84F1-0B5D-95FA9C3F1D9A}"
EndProject
Project("{FAE04EC0-301F-11D3-BF4B-00C04F79EFBC}") = "Nonogram.Common", "..\Nonogram.Common\Nonogram.Common.csproj", "{2E5F2C02-A60B-19A9-DB81-2478C449B64E}"
EndProject
Project("{FAE04EC0-301F-11D3-BF4B-00C04F79EFBC}") = "Nonogram.DataAccess", "..\Nonogram.DataAccess\Nonogram.DataAccess.csproj", "{F20C4B07-A7B4-C856-F759-E1AD5EB07A97}"
EndProject
Global
	GlobalSection(SolutionConfigurationPlatforms) = preSolution
		Debug|Any CPU = Debug|Any CPU
		Release|Any CPU = Release|Any CPU
	EndGlobalSection
	GlobalSection(ProjectConfigurationPlatforms) = postSolution
		{F2F75C7B-D2BA-499E-B470-62A598809FDC}.Debug|Any CPU.ActiveCfg = Debug|Any CPU
		{F2F75C7B-D2BA-499E-B470-62A598809FDC}.Debug|Any CPU.Build.0 = Debug|Any CPU
		{F2F75C7B-D2BA-499E-B470-62A598809FDC}.Release|Any CPU.ActiveCfg = Release|Any CPU
		{F2F75C7B-D2BA-499E-B470-62A598809FDC}.Release|Any CPU.Build.0 = Release|Any CPU
		{FA69A35A-098A-84F1-0B5D-95FA9C3F1D9A}.Debug|Any CPU.ActiveCfg = Debug|Any CPU
		{FA69A35A-098A-84F1-0B5D-95FA9C3F1D9A}.Debug|Any CPU.Build.0 = Debug|Any CPU
		{FA69A35A-098A-84F1-0B5D-95FA9C3F1D9A}.Release|Any CPU.ActiveCfg = Release|Any CPU
		{FA69A35A-098A-84F1-0B5D-95FA9C3F1D9A}.Release|Any CPU.Build.0 = Release|Any CPU
		{2E5F2C02-A60B-19A9-DB81-2478C449B64E}.Debug|Any CPU.ActiveCfg = Debug|Any CPU
		{2E5F2C02-A60B-19A9-DB81-2478C449B64E}.Debug|Any CPU.Build.0 = Debug|Any CPU
		{2E5F2C02-A60B-19A9-DB81-2478C449B64E}.Release|Any CPU.ActiveCfg = Release|Any CPU
		{2E5F2C02-A60B-19A9-DB81-2478C449B64E}.Release|Any CPU.Build.0 = Release|Any CPU
		{F20C4B07-A7B4-C856-F759-E1AD5EB07A97}.Debug|Any CPU.ActiveCfg = Debug|Any CPU
		{F20C4B07-A7B4-C856-F759-E1AD5EB07A97}.Debug|Any CPU.Build.0 = Debug|Any CPU
		{F20C4B07-A7B4-C856-F759-E1AD5EB07A97}.Release|Any CPU.ActiveCfg = Release|Any CPU
		{F20C4B07-A7B4-C856-F759-E1AD5EB07A97}.Release|Any CPU.Build.0 = Release|Any CPU
	EndGlobalSection
	GlobalSection(SolutionProperties) = preSolution
		HideSolutionNode = FALSE
	EndGlobalSection
	GlobalSection(ExtensibilityGlobals) = postSolution
		SolutionGuid = {E3853F20-436B-4699-A320-1CA05B9B7537}
	EndGlobalSection
EndGlobal
