
Microsoft Visual Studio Solution File, Format Version 12.00
# Visual Studio Version 17
VisualStudioVersion = 17.11.35222.181
MinimumVisualStudioVersion = 10.0.40219.1
Project("{FAE04EC0-301F-11D3-BF4B-00C04F79EFBC}") = "Nonogram.Wpf", "Nonogram.Wpf.csproj", "{B36B4636-4944-4C21-AFC9-5C4B843E4FA9}"
EndProject
Project("{FAE04EC0-301F-11D3-BF4B-00C04F79EFBC}") = "Nonogram.Common", "..\Nonogram.Common\Nonogram.Common.csproj", "{2E5F2C02-A60B-19A9-DB81-2478C449B64E}"
EndProject
Project("{FAE04EC0-301F-11D3-BF4B-00C04F79EFBC}") = "Nonogram.BusinessProxy", "..\Nonogram.BusinessProxy\Nonogram.BusinessProxy.csproj", "{241E3A63-B84C-4B4B-9F08-869082DD7F57}"
EndProject
Global
	GlobalSection(SolutionConfigurationPlatforms) = preSolution
		Debug|Any CPU = Debug|Any CPU
		Release|Any CPU = Release|Any CPU
	EndGlobalSection
	GlobalSection(ProjectConfigurationPlatforms) = postSolution
		{B36B4636-4944-4C21-AFC9-5C4B843E4FA9}.Debug|Any CPU.ActiveCfg = Debug|Any CPU
		{B36B4636-4944-4C21-AFC9-5C4B843E4FA9}.Debug|Any CPU.Build.0 = Debug|Any CPU
		{B36B4636-4944-4C21-AFC9-5C4B843E4FA9}.Release|Any CPU.ActiveCfg = Release|Any CPU
		{B36B4636-4944-4C21-AFC9-5C4B843E4FA9}.Release|Any CPU.Build.0 = Release|Any CPU
		{2E5F2C02-A60B-19A9-DB81-2478C449B64E}.Debug|Any CPU.ActiveCfg = Debug|Any CPU
		{2E5F2C02-A60B-19A9-DB81-2478C449B64E}.Debug|Any CPU.Build.0 = Debug|Any CPU
		{2E5F2C02-A60B-19A9-DB81-2478C449B64E}.Release|Any CPU.ActiveCfg = Release|Any CPU
		{2E5F2C02-A60B-19A9-DB81-2478C449B64E}.Release|Any CPU.Build.0 = Release|Any CPU
		{241E3A63-B84C-4B4B-9F08-869082DD7F57}.Debug|Any CPU.ActiveCfg = Debug|Any CPU
		{241E3A63-B84C-4B4B-9F08-869082DD7F57}.Debug|Any CPU.Build.0 = Debug|Any CPU
		{241E3A63-B84C-4B4B-9F08-869082DD7F57}.Release|Any CPU.ActiveCfg = Release|Any CPU
		{241E3A63-B84C-4B4B-9F08-869082DD7F57}.Release|Any CPU.Build.0 = Release|Any CPU
	EndGlobalSection
	GlobalSection(SolutionProperties) = preSolution
		HideSolutionNode = FALSE
	EndGlobalSection
	GlobalSection(ExtensibilityGlobals) = postSolution
		SolutionGuid = {B9A3AB4B-21CC-464F-BA04-637CA87DC404}
	EndGlobalSection
EndGlobal
