
Microsoft Visual Studio Solution File, Format Version 12.00
# Visual Studio Version 17
VisualStudioVersion = 17.14.36811.4
MinimumVisualStudioVersion = 10.0.40219.1
Project("{FAE04EC0-301F-11D3-BF4B-00C04F79EFBC}") = "Nonogram.Web", "Nonogram.Web.csproj", "{4385F1B6-40B5-4A4E-804A-7B73F0660391}"
EndProject
Project("{FAE04EC0-301F-11D3-BF4B-00C04F79EFBC}") = "Nonogram.Business.Web", "..\Nonogram.Business.Web\Nonogram.Business.Web.csproj", "{E2A86666-D423-4DFA-B451-E9BBD0AD1CF7}"
EndProject
Global
	GlobalSection(SolutionConfigurationPlatforms) = preSolution
		Debug|Any CPU = Debug|Any CPU
		Release|Any CPU = Release|Any CPU
	EndGlobalSection
	GlobalSection(ProjectConfigurationPlatforms) = postSolution
		{4385F1B6-40B5-4A4E-804A-7B73F0660391}.Debug|Any CPU.ActiveCfg = Debug|Any CPU
		{4385F1B6-40B5-4A4E-804A-7B73F0660391}.Debug|Any CPU.Build.0 = Debug|Any CPU
		{4385F1B6-40B5-4A4E-804A-7B73F0660391}.Release|Any CPU.ActiveCfg = Release|Any CPU
		{4385F1B6-40B5-4A4E-804A-7B73F0660391}.Release|Any CPU.Build.0 = Release|Any CPU
		{E2A86666-D423-4DFA-B451-E9BBD0AD1CF7}.Debug|Any CPU.ActiveCfg = Debug|Any CPU
		{E2A86666-D423-4DFA-B451-E9BBD0AD1CF7}.Debug|Any CPU.Build.0 = Debug|Any CPU
		{E2A86666-D423-4DFA-B451-E9BBD0AD1CF7}.Release|Any CPU.ActiveCfg = Release|Any CPU
		{E2A86666-D423-4DFA-B451-E9BBD0AD1CF7}.Release|Any CPU.Build.0 = Release|Any CPU
	EndGlobalSection
	GlobalSection(SolutionProperties) = preSolution
		HideSolutionNode = FALSE
	EndGlobalSection
	GlobalSection(ExtensibilityGlobals) = postSolution
		SolutionGuid = {C46924FE-73F6-46BC-A337-5306981B11C4}
	EndGlobalSection
EndGlobal
