
Microsoft Visual Studio Solution File, Format Version 12.00
# Visual Studio Version 17
VisualStudioVersion = 17.14.36930.0 d17.14
MinimumVisualStudioVersion = 10.0.40219.1
Project("{FAE04EC0-301F-11D3-BF4B-00C04F79EFBC}") = "RectangleEditor", "RectangleEditor\RectangleEditor.csproj", "{ED5C1768-1244-46A0-B9FD-1CA31025ABED}"
EndProject
Global
	GlobalSection(SolutionConfigurationPlatforms) = preSolution
		Debug|Any CPU = Debug|Any CPU
		Release|Any CPU = Release|Any CPU
	EndGlobalSection
	GlobalSection(ProjectConfigurationPlatforms) = postSolution
		{ED5C1768-1244-46A0-B9FD-1CA31025ABED}.Debug|Any CPU.ActiveCfg = Debug|Any CPU
		{ED5C1768-1244-46A0-B9FD-1CA31025ABED}.Debug|Any CPU.Build.0 = Debug|Any CPU
		{ED5C1768-1244-46A0-B9FD-1CA31025ABED}.Release|Any CPU.ActiveCfg = Release|Any CPU
		{ED5C1768-1244-46A0-B9FD-1CA31025ABED}.Release|Any CPU.Build.0 = Release|Any CPU
	EndGlobalSection
	GlobalSection(SolutionProperties) = preSolution
		HideSolutionNode = FALSE
	EndGlobalSection
	GlobalSection(ExtensibilityGlobals) = postSolution
		SolutionGuid = {B43E6EA8-DB0E-4842-B12B-77CAFF30D74E}
	EndGlobalSection
EndGlobal
