
Microsoft Visual Studio Solution File, Format Version 12.00
# Visual Studio Version 17
VisualStudioVersion = 17.14.36408.4
MinimumVisualStudioVersion = 10.0.40219.1
Project("{FAE04EC0-301F-11D3-BF4B-00C04F79EFBC}") = "Игра.Wpf", "Игра.Wpf\Игра.Wpf.csproj", "{ABB52BE4-4CFE-4100-8BB5-F7B754BDE600}"
EndProject
Project("{FAE04EC0-301F-11D3-BF4B-00C04F79EFBC}") = "Игра.Business", "Игра.Business\Игра.Business.csproj", "{2C709ECD-0A89-4FB5-B367-5930D1A5D331}"
EndProject
Project("{FAE04EC0-301F-11D3-BF4B-00C04F79EFBC}") = "Игра.Common", "Игра.Common\Игра.Common.csproj", "{DD0C3A43-1A34-42CD-896A-1606608C8EAE}"
EndProject
Project("{FAE04EC0-301F-11D3-BF4B-00C04F79EFBC}") = "Игра.DataAccess.EF", "Игра.DataAccess.EF\Игра.DataAccess.EF.csproj", "{BEC5C37F-BC10-4C56-9FE0-2425FD8953E4}"
EndProject
Project("{FAE04EC0-301F-11D3-BF4B-00C04F79EFBC}") = "Игра.UnitTests", "Игра.UnitTests\Игра.UnitTests.csproj", "{486F00DE-99E7-4A84-9812-B546585231D0}"
EndProject
Global
	GlobalSection(SolutionConfigurationPlatforms) = preSolution
		Debug|Any CPU = Debug|Any CPU
		Release|Any CPU = Release|Any CPU
	EndGlobalSection
	GlobalSection(ProjectConfigurationPlatforms) = postSolution
		{ABB52BE4-4CFE-4100-8BB5-F7B754BDE600}.Debug|Any CPU.ActiveCfg = Debug|Any CPU
		{ABB52BE4-4CFE-4100-8BB5-F7B754BDE600}.Debug|Any CPU.Build.0 = Debug|Any CPU
		{ABB52BE4-4CFE-4100-8BB5-F7B754BDE600}.Release|Any CPU.ActiveCfg = Release|Any CPU
		{ABB52BE4-4CFE-4100-8BB5-F7B754BDE600}.Release|Any CPU.Build.0 = Release|Any CPU
		{2C709ECD-0A89-4FB5-B367-5930D1A5D331}.Debug|Any CPU.ActiveCfg = Debug|Any CPU
		{2C709ECD-0A89-4FB5-B367-5930D1A5D331}.Debug|Any CPU.Build.0 = Debug|Any CPU
		{2C709ECD-0A89-4FB5-B367-5930D1A5D331}.Release|Any CPU.ActiveCfg = Release|Any CPU
		{2C709ECD-0A89-4FB5-B367-5930D1A5D331}.Release|Any CPU.Build.0 = Release|Any CPU
		{DD0C3A43-1A34-42CD-896A-1606608C8EAE}.Debug|Any CPU.ActiveCfg = Debug|Any CPU
		{DD0C3A43-1A34-42CD-896A-1606608C8EAE}.Debug|Any CPU.Build.0 = Debug|Any CPU
		{DD0C3A43-1A34-42CD-896A-1606608C8EAE}.Release|Any CPU.ActiveCfg = Release|Any CPU
		{DD0C3A43-1A34-42CD-896A-1606608C8EAE}.Release|Any CPU.Build.0 = Release|Any CPU
		{BEC5C37F-BC10-4C56-9FE0-2425FD8953E4}.Debug|Any CPU.ActiveCfg = Debug|Any CPU
		{BEC5C37F-BC10-4C56-9FE0-2425FD8953E4}.Debug|Any CPU.Build.0 = Debug|Any CPU
		{BEC5C37F-BC10-4C56-9FE0-2425FD8953E4}.Release|Any CPU.ActiveCfg = Release|Any CPU
		{BEC5C37F-BC10-4C56-9FE0-2425FD8953E4}.Release|Any CPU.Build.0 = Release|Any CPU
		{486F00DE-99E7-4A84-9812-B546585231D0}.Debug|Any CPU.ActiveCfg = Debug|Any CPU
		{486F00DE-99E7-4A84-9812-B546585231D0}.Debug|Any CPU.Build.0 = Debug|Any CPU
		{486F00DE-99E7-4A84-9812-B546585231D0}.Release|Any CPU.ActiveCfg = Release|Any CPU
		{486F00DE-99E7-4A84-9812-B546585231D0}.Release|Any CPU.Build.0 = Release|Any CPU
	EndGlobalSection
	GlobalSection(SolutionProperties) = preSolution
		HideSolutionNode = FALSE
	EndGlobalSection
	GlobalSection(ExtensibilityGlobals) = postSolution
		SolutionGuid = {D7802C5A-6009-4D0E-BB36-364ECE0BB3A2}
	EndGlobalSection
EndGlobal
