
Microsoft Visual Studio Solution File, Format Version 12.00
# Visual Studio Version 17
VisualStudioVersion = 17.14.36414.22
MinimumVisualStudioVersion = 10.0.40219.1
Project("{FAE04EC0-301F-11D3-BF4B-00C04F79EFBC}") = "Pacman.WPF", "FifteenGame.Wpf\Pacman.WPF.csproj", "{653051BD-B182-4363-95EC-E027911A4070}"
EndProject
Project("{FAE04EC0-301F-11D3-BF4B-00C04F79EFBC}") = "Pacman.Business", "FifteenGame.Business\Pacman.Business.csproj", "{49EFE736-3358-4D0B-A8AF-499A9AE4071F}"
EndProject
Global
	GlobalSection(SolutionConfigurationPlatforms) = preSolution
		Debug|Any CPU = Debug|Any CPU
		Release|Any CPU = Release|Any CPU
	EndGlobalSection
	GlobalSection(ProjectConfigurationPlatforms) = postSolution
		{653051BD-B182-4363-95EC-E027911A4070}.Debug|Any CPU.ActiveCfg = Debug|Any CPU
		{653051BD-B182-4363-95EC-E027911A4070}.Debug|Any CPU.Build.0 = Debug|Any CPU
		{653051BD-B182-4363-95EC-E027911A4070}.Release|Any CPU.ActiveCfg = Release|Any CPU
		{653051BD-B182-4363-95EC-E027911A4070}.Release|Any CPU.Build.0 = Release|Any CPU
		{49EFE736-3358-4D0B-A8AF-499A9AE4071F}.Debug|Any CPU.ActiveCfg = Debug|Any CPU
		{49EFE736-3358-4D0B-A8AF-499A9AE4071F}.Debug|Any CPU.Build.0 = Debug|Any CPU
		{49EFE736-3358-4D0B-A8AF-499A9AE4071F}.Release|Any CPU.ActiveCfg = Release|Any CPU
		{49EFE736-3358-4D0B-A8AF-499A9AE4071F}.Release|Any CPU.Build.0 = Release|Any CPU
	EndGlobalSection
	GlobalSection(SolutionProperties) = preSolution
		HideSolutionNode = FALSE
	EndGlobalSection
	GlobalSection(ExtensibilityGlobals) = postSolution
		SolutionGuid = {2BDA6474-8386-4F4D-8066-E8442CAA6E43}
	EndGlobalSection
EndGlobal
