
Microsoft Visual Studio Solution File, Format Version 12.00
# Visual Studio Version 17
VisualStudioVersion = 17.7.34003.232
MinimumVisualStudioVersion = 10.0.40219.1
Project("{FAE04EC0-301F-11D3-BF4B-00C04F79EFBC}") = "AspNetHello", "AspNetHello\AspNetHello.csproj", "{D149F1B2-D0AF-475F-B2AB-1DEA1F09BE24}"
EndProject
Global
	GlobalSection(SolutionConfigurationPlatforms) = preSolution
		Debug|Any CPU = Debug|Any CPU
		Release|Any CPU = Release|Any CPU
	EndGlobalSection
	GlobalSection(ProjectConfigurationPlatforms) = postSolution
		{D149F1B2-D0AF-475F-B2AB-1DEA1F09BE24}.Debug|Any CPU.ActiveCfg = Debug|Any CPU
		{D149F1B2-D0AF-475F-B2AB-1DEA1F09BE24}.Debug|Any CPU.Build.0 = Debug|Any CPU
		{D149F1B2-D0AF-475F-B2AB-1DEA1F09BE24}.Release|Any CPU.ActiveCfg = Release|Any CPU
		{D149F1B2-D0AF-475F-B2AB-1DEA1F09BE24}.Release|Any CPU.Build.0 = Release|Any CPU
	EndGlobalSection
	GlobalSection(SolutionProperties) = preSolution
		HideSolutionNode = FALSE
	EndGlobalSection
	GlobalSection(ExtensibilityGlobals) = postSolution
		SolutionGuid = {616A7D45-64EA-4D41-A888-7BE98B72C4EE}
	EndGlobalSection
EndGlobal
