
Microsoft Visual Studio Solution File, Format Version 12.00
# Visual Studio Version 17
VisualStudioVersion = 17.7.34003.232
MinimumVisualStudioVersion = 10.0.40219.1
Project("{FAE04EC0-301F-11D3-BF4B-00C04F79EFBC}") = "GraphicsApp", "GraphicsApp\GraphicsApp.csproj", "{6273950A-9DC7-4296-B10C-2E62393CF83B}"
EndProject
Global
	GlobalSection(SolutionConfigurationPlatforms) = preSolution
		Debug|Any CPU = Debug|Any CPU
		Release|Any CPU = Release|Any CPU
	EndGlobalSection
	GlobalSection(ProjectConfigurationPlatforms) = postSolution
		{6273950A-9DC7-4296-B10C-2E62393CF83B}.Debug|Any CPU.ActiveCfg = Debug|Any CPU
		{6273950A-9DC7-4296-B10C-2E62393CF83B}.Debug|Any CPU.Build.0 = Debug|Any CPU
		{6273950A-9DC7-4296-B10C-2E62393CF83B}.Release|Any CPU.ActiveCfg = Release|Any CPU
		{6273950A-9DC7-4296-B10C-2E62393CF83B}.Release|Any CPU.Build.0 = Release|Any CPU
	EndGlobalSection
	GlobalSection(SolutionProperties) = preSolution
		HideSolutionNode = FALSE
	EndGlobalSection
	GlobalSection(ExtensibilityGlobals) = postSolution
		SolutionGuid = {5128F402-8B4B-4C54-A253-052AC1A5B0B6}
	EndGlobalSection
EndGlobal
