
Microsoft Visual Studio Solution File, Format Version 12.00
# Visual Studio Version 17
VisualStudioVersion = 17.7.34003.232
MinimumVisualStudioVersion = 10.0.40219.1
Project("{FAE04EC0-301F-11D3-BF4B-00C04F79EFBC}") = "HelloApp", "HelloApp\HelloApp.csproj", "{029D7A82-5C78-452E-9DAE-C2C870513AC2}"
EndProject
Global
	GlobalSection(SolutionConfigurationPlatforms) = preSolution
		Debug|Any CPU = Debug|Any CPU
		Release|Any CPU = Release|Any CPU
	EndGlobalSection
	GlobalSection(ProjectConfigurationPlatforms) = postSolution
		{029D7A82-5C78-452E-9DAE-C2C870513AC2}.Debug|Any CPU.ActiveCfg = Debug|Any CPU
		{029D7A82-5C78-452E-9DAE-C2C870513AC2}.Debug|Any CPU.Build.0 = Debug|Any CPU
		{029D7A82-5C78-452E-9DAE-C2C870513AC2}.Release|Any CPU.ActiveCfg = Release|Any CPU
		{029D7A82-5C78-452E-9DAE-C2C870513AC2}.Release|Any CPU.Build.0 = Release|Any CPU
	EndGlobalSection
	GlobalSection(SolutionProperties) = preSolution
		HideSolutionNode = FALSE
	EndGlobalSection
	GlobalSection(ExtensibilityGlobals) = postSolution
		SolutionGuid = {C404318A-D638-4A9F-B7C2-F90A8B0B14A2}
	EndGlobalSection
EndGlobal
