
Microsoft Visual Studio Solution File, Format Version 12.00
# Visual Studio Version 17
VisualStudioVersion = 17.7.34003.232
MinimumVisualStudioVersion = 10.0.40219.1
Project("{FAE04EC0-301F-11D3-BF4B-00C04F79EFBC}") = "FifteenGame.Wpf", "FifteenGame.Wpf\FifteenGame.Wpf.csproj", "{9ACB9997-98BE-4C41-B78E-8DCD689CA06A}"
EndProject
Project("{FAE04EC0-301F-11D3-BF4B-00C04F79EFBC}") = "FifteenGame.Business", "FifteenGame.Business\FifteenGame.Business.csproj", "{31478FA4-97D5-44FB-8239-D55A6FC77500}"
EndProject
Project("{FAE04EC0-301F-11D3-BF4B-00C04F79EFBC}") = "FifteenGame.Common", "FifteenGame.Common\FifteenGame.Common.csproj", "{94445312-A364-4D5E-91A0-0FEB309ECB69}"
EndProject
Project("{FAE04EC0-301F-11D3-BF4B-00C04F79EFBC}") = "FifteenGame.DataAccess", "FifteenGame.DataAccess\FifteenGame.DataAccess.csproj", "{D5C97625-F838-43FA-AEFE-FD29745BB3EE}"
EndProject
Project("{FAE04EC0-301F-11D3-BF4B-00C04F79EFBC}") = "FifteenGame.UnitTest", "FifteenGame.UnitTest\FifteenGame.UnitTest.csproj", "{8695674C-ADE8-428E-AC6C-C8502F650CB3}"
EndProject
Project("{FAE04EC0-301F-11D3-BF4B-00C04F79EFBC}") = "FifteenGame.DataAccess.EF", "FifteenGame.DataAccess.EF\FifteenGame.DataAccess.EF.csproj", "{760F650D-3B9B-4E86-AC42-D9B956835729}"
EndProject
Global
	GlobalSection(SolutionConfigurationPlatforms) = preSolution
		Debug|Any CPU = Debug|Any CPU
		Release|Any CPU = Release|Any CPU
	EndGlobalSection
	GlobalSection(ProjectConfigurationPlatforms) = postSolution
		{9ACB9997-98BE-4C41-B78E-8DCD689CA06A}.Debug|Any CPU.ActiveCfg = Debug|Any CPU
		{9ACB9997-98BE-4C41-B78E-8DCD689CA06A}.Debug|Any CPU.Build.0 = Debug|Any CPU
		{9ACB9997-98BE-4C41-B78E-8DCD689CA06A}.Release|Any CPU.ActiveCfg = Release|Any CPU
		{9ACB9997-98BE-4C41-B78E-8DCD689CA06A}.Release|Any CPU.Build.0 = Release|Any CPU
		{31478FA4-97D5-44FB-8239-D55A6FC77500}.Debug|Any CPU.ActiveCfg = Debug|Any CPU
		{31478FA4-97D5-44FB-8239-D55A6FC77500}.Debug|Any CPU.Build.0 = Debug|Any CPU
		{31478FA4-97D5-44FB-8239-D55A6FC77500}.Release|Any CPU.ActiveCfg = Release|Any CPU
		{31478FA4-97D5-44FB-8239-D55A6FC77500}.Release|Any CPU.Build.0 = Release|Any CPU
		{94445312-A364-4D5E-91A0-0FEB309ECB69}.Debug|Any CPU.ActiveCfg = Debug|Any CPU
		{94445312-A364-4D5E-91A0-0FEB309ECB69}.Debug|Any CPU.Build.0 = Debug|Any CPU
		{94445312-A364-4D5E-91A0-0FEB309ECB69}.Release|Any CPU.ActiveCfg = Release|Any CPU
		{94445312-A364-4D5E-91A0-0FEB309ECB69}.Release|Any CPU.Build.0 = Release|Any CPU
		{D5C97625-F838-43FA-AEFE-FD29745BB3EE}.Debug|Any CPU.ActiveCfg = Debug|Any CPU
		{D5C97625-F838-43FA-AEFE-FD29745BB3EE}.Debug|Any CPU.Build.0 = Debug|Any CPU
		{D5C97625-F838-43FA-AEFE-FD29745BB3EE}.Release|Any CPU.ActiveCfg = Release|Any CPU
		{D5C97625-F838-43FA-AEFE-FD29745BB3EE}.Release|Any CPU.Build.0 = Release|Any CPU
		{8695674C-ADE8-428E-AC6C-C8502F650CB3}.Debug|Any CPU.ActiveCfg = Debug|Any CPU
		{8695674C-ADE8-428E-AC6C-C8502F650CB3}.Debug|Any CPU.Build.0 = Debug|Any CPU
		{8695674C-ADE8-428E-AC6C-C8502F650CB3}.Release|Any CPU.ActiveCfg = Release|Any CPU
		{8695674C-ADE8-428E-AC6C-C8502F650CB3}.Release|Any CPU.Build.0 = Release|Any CPU
		{760F650D-3B9B-4E86-AC42-D9B956835729}.Debug|Any CPU.ActiveCfg = Debug|Any CPU
		{760F650D-3B9B-4E86-AC42-D9B956835729}.Debug|Any CPU.Build.0 = Debug|Any CPU
		{760F650D-3B9B-4E86-AC42-D9B956835729}.Release|Any CPU.ActiveCfg = Release|Any CPU
		{760F650D-3B9B-4E86-AC42-D9B956835729}.Release|Any CPU.Build.0 = Release|Any CPU
	EndGlobalSection
	GlobalSection(SolutionProperties) = preSolution
		HideSolutionNode = FALSE
	EndGlobalSection
	GlobalSection(ExtensibilityGlobals) = postSolution
		SolutionGuid = {0B3C3E0D-2C05-4E68-AF20-7541B29B6D1B}
	EndGlobalSection
EndGlobal
