
Microsoft Visual Studio Solution File, Format Version 12.00
# Visual Studio Version 17
VisualStudioVersion = 17.13.35919.96 d17.13
MinimumVisualStudioVersion = 10.0.40219.1
Project("{FAE04EC0-301F-11D3-BF4B-00C04F79EFBC}") = "FifteenGame.Server", "FifteenGame.Server\FifteenGame.Server.csproj", "{DAC5460F-2CF2-459C-9A7B-AC9E625A9972}"
EndProject
Project("{FAE04EC0-301F-11D3-BF4B-00C04F79EFBC}") = "FifteenGame.Common", "..\..\Client\FifteenGame.Client\FifteenGame.Common\FifteenGame.Common.csproj", "{BBA74420-CCCE-4211-A12E-EEBC0DCCF9D0}"
EndProject
Project("{FAE04EC0-301F-11D3-BF4B-00C04F79EFBC}") = "FifteenGame.Data", "..\..\..\Users\johnd\Desktop\GameBDFinal\FifteenGame.Wpf\FifteenGame.Data\FifteenGame.Data.csproj", "{8A0B5C99-0899-47B5-AED0-C1F0DF2AAAC3}"
EndProject
Project("{FAE04EC0-301F-11D3-BF4B-00C04F79EFBC}") = "FifteenGame.Business", "FifteenGame.Business\FifteenGame.Business.csproj", "{61E73E2C-91E5-4742-9C4B-0A7A3B2A1776}"
EndProject
Global
	GlobalSection(SolutionConfigurationPlatforms) = preSolution
		Debug|Any CPU = Debug|Any CPU
		Release|Any CPU = Release|Any CPU
	EndGlobalSection
	GlobalSection(ProjectConfigurationPlatforms) = postSolution
		{DAC5460F-2CF2-459C-9A7B-AC9E625A9972}.Debug|Any CPU.ActiveCfg = Debug|Any CPU
		{DAC5460F-2CF2-459C-9A7B-AC9E625A9972}.Debug|Any CPU.Build.0 = Debug|Any CPU
		{DAC5460F-2CF2-459C-9A7B-AC9E625A9972}.Release|Any CPU.ActiveCfg = Release|Any CPU
		{DAC5460F-2CF2-459C-9A7B-AC9E625A9972}.Release|Any CPU.Build.0 = Release|Any CPU
		{BBA74420-CCCE-4211-A12E-EEBC0DCCF9D0}.Debug|Any CPU.ActiveCfg = Debug|Any CPU
		{BBA74420-CCCE-4211-A12E-EEBC0DCCF9D0}.Debug|Any CPU.Build.0 = Debug|Any CPU
		{BBA74420-CCCE-4211-A12E-EEBC0DCCF9D0}.Release|Any CPU.ActiveCfg = Release|Any CPU
		{BBA74420-CCCE-4211-A12E-EEBC0DCCF9D0}.Release|Any CPU.Build.0 = Release|Any CPU
		{8A0B5C99-0899-47B5-AED0-C1F0DF2AAAC3}.Debug|Any CPU.ActiveCfg = Debug|Any CPU
		{8A0B5C99-0899-47B5-AED0-C1F0DF2AAAC3}.Debug|Any CPU.Build.0 = Debug|Any CPU
		{8A0B5C99-0899-47B5-AED0-C1F0DF2AAAC3}.Release|Any CPU.ActiveCfg = Release|Any CPU
		{8A0B5C99-0899-47B5-AED0-C1F0DF2AAAC3}.Release|Any CPU.Build.0 = Release|Any CPU
		{61E73E2C-91E5-4742-9C4B-0A7A3B2A1776}.Debug|Any CPU.ActiveCfg = Debug|Any CPU
		{61E73E2C-91E5-4742-9C4B-0A7A3B2A1776}.Debug|Any CPU.Build.0 = Debug|Any CPU
		{61E73E2C-91E5-4742-9C4B-0A7A3B2A1776}.Release|Any CPU.ActiveCfg = Release|Any CPU
		{61E73E2C-91E5-4742-9C4B-0A7A3B2A1776}.Release|Any CPU.Build.0 = Release|Any CPU
	EndGlobalSection
	GlobalSection(SolutionProperties) = preSolution
		HideSolutionNode = FALSE
	EndGlobalSection
	GlobalSection(ExtensibilityGlobals) = postSolution
		SolutionGuid = {E266086B-8148-4CD6-92AC-79A1741371C0}
	EndGlobalSection
EndGlobal
