
Microsoft Visual Studio Solution File, Format Version 12.00
# Visual Studio Version 17
VisualStudioVersion = 17.14.36930.0 d17.14
MinimumVisualStudioVersion = 10.0.40219.1
Project("{FAE04EC0-301F-11D3-BF4B-00C04F79EFBC}") = "DelegatesAndEvents", "DelegatesAndEvents\DelegatesAndEvents.csproj", "{54D6293A-93A8-4D58-BDC1-0E3D041E5349}"
EndProject
Global
	GlobalSection(SolutionConfigurationPlatforms) = preSolution
		Debug|Any CPU = Debug|Any CPU
		Release|Any CPU = Release|Any CPU
	EndGlobalSection
	GlobalSection(ProjectConfigurationPlatforms) = postSolution
		{54D6293A-93A8-4D58-BDC1-0E3D041E5349}.Debug|Any CPU.ActiveCfg = Debug|Any CPU
		{54D6293A-93A8-4D58-BDC1-0E3D041E5349}.Debug|Any CPU.Build.0 = Debug|Any CPU
		{54D6293A-93A8-4D58-BDC1-0E3D041E5349}.Release|Any CPU.ActiveCfg = Release|Any CPU
		{54D6293A-93A8-4D58-BDC1-0E3D041E5349}.Release|Any CPU.Build.0 = Release|Any CPU
	EndGlobalSection
	GlobalSection(SolutionProperties) = preSolution
		HideSolutionNode = FALSE
	EndGlobalSection
	GlobalSection(ExtensibilityGlobals) = postSolution
		SolutionGuid = {29253587-17C9-4492-AAC6-4720A24D9008}
	EndGlobalSection
EndGlobal
