
Microsoft Visual Studio Solution File, Format Version 12.00
# Visual Studio Version 17
VisualStudioVersion = 17.14.36930.0 d17.14
MinimumVisualStudioVersion = 10.0.40219.1
Project("{FAE04EC0-301F-11D3-BF4B-00C04F79EFBC}") = "Collections", "Collections\Collections.csproj", "{566C236F-9E9B-457B-BBAE-DA08D9C6FD38}"
EndProject
Global
	GlobalSection(SolutionConfigurationPlatforms) = preSolution
		Debug|Any CPU = Debug|Any CPU
		Release|Any CPU = Release|Any CPU
	EndGlobalSection
	GlobalSection(ProjectConfigurationPlatforms) = postSolution
		{566C236F-9E9B-457B-BBAE-DA08D9C6FD38}.Debug|Any CPU.ActiveCfg = Debug|Any CPU
		{566C236F-9E9B-457B-BBAE-DA08D9C6FD38}.Debug|Any CPU.Build.0 = Debug|Any CPU
		{566C236F-9E9B-457B-BBAE-DA08D9C6FD38}.Release|Any CPU.ActiveCfg = Release|Any CPU
		{566C236F-9E9B-457B-BBAE-DA08D9C6FD38}.Release|Any CPU.Build.0 = Release|Any CPU
	EndGlobalSection
	GlobalSection(SolutionProperties) = preSolution
		HideSolutionNode = FALSE
	EndGlobalSection
	GlobalSection(ExtensibilityGlobals) = postSolution
		SolutionGuid = {96F4AEB2-B793-44CD-AAAE-04A6C12FF13C}
	EndGlobalSection
EndGlobal
