
Microsoft Visual Studio Solution File, Format Version 12.00
# Visual Studio Version 17
VisualStudioVersion = 17.14.36414.22 d17.14
MinimumVisualStudioVersion = 10.0.40219.1
Project("{FAE04EC0-301F-11D3-BF4B-00C04F79EFBC}") = "Match3Game.Wpf", "Match3Game.Wpf\Match3Game.Wpf.csproj", "{EB72173E-9864-4E9A-8BFE-ADA9D5A44F36}"
EndProject
Project("{FAE04EC0-301F-11D3-BF4B-00C04F79EFBC}") = "Match3Game.Business", "Match3Game.Business\Match3Game.Business.csproj", "{3ECC3A3C-9BE6-4A35-A5F0-D806AEC2D218}"
EndProject
Global
	GlobalSection(SolutionConfigurationPlatforms) = preSolution
		Debug|Any CPU = Debug|Any CPU
		Release|Any CPU = Release|Any CPU
	EndGlobalSection
	GlobalSection(ProjectConfigurationPlatforms) = postSolution
		{EB72173E-9864-4E9A-8BFE-ADA9D5A44F36}.Debug|Any CPU.ActiveCfg = Debug|Any CPU
		{EB72173E-9864-4E9A-8BFE-ADA9D5A44F36}.Debug|Any CPU.Build.0 = Debug|Any CPU
		{EB72173E-9864-4E9A-8BFE-ADA9D5A44F36}.Release|Any CPU.ActiveCfg = Release|Any CPU
		{EB72173E-9864-4E9A-8BFE-ADA9D5A44F36}.Release|Any CPU.Build.0 = Release|Any CPU
		{3ECC3A3C-9BE6-4A35-A5F0-D806AEC2D218}.Debug|Any CPU.ActiveCfg = Debug|Any CPU
		{3ECC3A3C-9BE6-4A35-A5F0-D806AEC2D218}.Debug|Any CPU.Build.0 = Debug|Any CPU
		{3ECC3A3C-9BE6-4A35-A5F0-D806AEC2D218}.Release|Any CPU.ActiveCfg = Release|Any CPU
		{3ECC3A3C-9BE6-4A35-A5F0-D806AEC2D218}.Release|Any CPU.Build.0 = Release|Any CPU
	EndGlobalSection
	GlobalSection(SolutionProperties) = preSolution
		HideSolutionNode = FALSE
	EndGlobalSection
	GlobalSection(ExtensibilityGlobals) = postSolution
		SolutionGuid = {F0BABC6D-46EA-41FC-974D-9BCCF8A48F97}
	EndGlobalSection
EndGlobal
