
Microsoft Visual Studio Solution File, Format Version 12.00
# Visual Studio Version 17
VisualStudioVersion = 17.14.36414.22
MinimumVisualStudioVersion = 10.0.40219.1
Project("{FAE04EC0-301F-11D3-BF4B-00C04F79EFBC}") = "LightsOut.Web", "FifteenGame.Web\LightsOut.Web.csproj", "{C2AE3450-2D86-4613-987F-A9225FEF0669}"
EndProject
Project("{FAE04EC0-301F-11D3-BF4B-00C04F79EFBC}") = "LightsOut.Business", "FifteenGame.Business\LightsOut.Business.csproj", "{3ECC3A3C-9BE6-4A35-A5F0-D806AEC2D218}"
EndProject
Global
	GlobalSection(SolutionConfigurationPlatforms) = preSolution
		Debug|Any CPU = Debug|Any CPU
		Release|Any CPU = Release|Any CPU
	EndGlobalSection
	GlobalSection(ProjectConfigurationPlatforms) = postSolution
		{C2AE3450-2D86-4613-987F-A9225FEF0669}.Debug|Any CPU.ActiveCfg = Debug|Any CPU
		{C2AE3450-2D86-4613-987F-A9225FEF0669}.Debug|Any CPU.Build.0 = Debug|Any CPU
		{C2AE3450-2D86-4613-987F-A9225FEF0669}.Release|Any CPU.ActiveCfg = Release|Any CPU
		{C2AE3450-2D86-4613-987F-A9225FEF0669}.Release|Any CPU.Build.0 = Release|Any CPU
		{3ECC3A3C-9BE6-4A35-A5F0-D806AEC2D218}.Debug|Any CPU.ActiveCfg = Debug|Any CPU
		{3ECC3A3C-9BE6-4A35-A5F0-D806AEC2D218}.Debug|Any CPU.Build.0 = Debug|Any CPU
		{3ECC3A3C-9BE6-4A35-A5F0-D806AEC2D218}.Release|Any CPU.ActiveCfg = Release|Any CPU
		{3ECC3A3C-9BE6-4A35-A5F0-D806AEC2D218}.Release|Any CPU.Build.0 = Release|Any CPU
	EndGlobalSection
	GlobalSection(SolutionProperties) = preSolution
		HideSolutionNode = FALSE
	EndGlobalSection
	GlobalSection(ExtensibilityGlobals) = postSolution
		SolutionGuid = {EA7C9483-77CD-4C72-953E-7CFB252CC810}
	EndGlobalSection
EndGlobal
