
Microsoft Visual Studio Solution File, Format Version 12.00
# Visual Studio Version 17
VisualStudioVersion = 17.7.34003.232
MinimumVisualStudioVersion = 10.0.40219.1
Project("{FAE04EC0-301F-11D3-BF4B-00C04F79EFBC}") = "Calculator", "Calculator\Calculator.csproj", "{525ABE37-3D8E-4BB4-979F-2B9407E3C955}"
EndProject
Project("{FAE04EC0-301F-11D3-BF4B-00C04F79EFBC}") = "Calculator.Business", "Calculator.Business\Calculator.Business.csproj", "{DD7BC6EA-8739-45EC-8107-AB9A1D7E3EEF}"
EndProject
Global
	GlobalSection(SolutionConfigurationPlatforms) = preSolution
		Debug|Any CPU = Debug|Any CPU
		Release|Any CPU = Release|Any CPU
	EndGlobalSection
	GlobalSection(ProjectConfigurationPlatforms) = postSolution
		{525ABE37-3D8E-4BB4-979F-2B9407E3C955}.Debug|Any CPU.ActiveCfg = Debug|Any CPU
		{525ABE37-3D8E-4BB4-979F-2B9407E3C955}.Debug|Any CPU.Build.0 = Debug|Any CPU
		{525ABE37-3D8E-4BB4-979F-2B9407E3C955}.Release|Any CPU.ActiveCfg = Release|Any CPU
		{525ABE37-3D8E-4BB4-979F-2B9407E3C955}.Release|Any CPU.Build.0 = Release|Any CPU
		{DD7BC6EA-8739-45EC-8107-AB9A1D7E3EEF}.Debug|Any CPU.ActiveCfg = Debug|Any CPU
		{DD7BC6EA-8739-45EC-8107-AB9A1D7E3EEF}.Debug|Any CPU.Build.0 = Debug|Any CPU
		{DD7BC6EA-8739-45EC-8107-AB9A1D7E3EEF}.Release|Any CPU.ActiveCfg = Release|Any CPU
		{DD7BC6EA-8739-45EC-8107-AB9A1D7E3EEF}.Release|Any CPU.Build.0 = Release|Any CPU
	EndGlobalSection
	GlobalSection(SolutionProperties) = preSolution
		HideSolutionNode = FALSE
	EndGlobalSection
	GlobalSection(ExtensibilityGlobals) = postSolution
		SolutionGuid = {470233B1-A315-4703-817D-332DA1D5EC86}
	EndGlobalSection
EndGlobal
