
Microsoft Visual Studio Solution File, Format Version 12.00
# Visual Studio Version 17
VisualStudioVersion = 17.7.34003.232
MinimumVisualStudioVersion = 10.0.40219.1
Project("{FAE04EC0-301F-11D3-BF4B-00C04F79EFBC}") = "Calculator", "Claculator\Calculator.csproj", "{4EA41D3D-BBFA-4C32-9976-C075CA816CCB}"
EndProject
Project("{FAE04EC0-301F-11D3-BF4B-00C04F79EFBC}") = "Calculator.Business", "Calculator.Business\Calculator.Business.csproj", "{71D7411D-6FD0-454B-8C27-7695349FBD2E}"
EndProject
Global
	GlobalSection(SolutionConfigurationPlatforms) = preSolution
		Debug|Any CPU = Debug|Any CPU
		Release|Any CPU = Release|Any CPU
	EndGlobalSection
	GlobalSection(ProjectConfigurationPlatforms) = postSolution
		{4EA41D3D-BBFA-4C32-9976-C075CA816CCB}.Debug|Any CPU.ActiveCfg = Debug|Any CPU
		{4EA41D3D-BBFA-4C32-9976-C075CA816CCB}.Debug|Any CPU.Build.0 = Debug|Any CPU
		{4EA41D3D-BBFA-4C32-9976-C075CA816CCB}.Release|Any CPU.ActiveCfg = Release|Any CPU
		{4EA41D3D-BBFA-4C32-9976-C075CA816CCB}.Release|Any CPU.Build.0 = Release|Any CPU
		{71D7411D-6FD0-454B-8C27-7695349FBD2E}.Debug|Any CPU.ActiveCfg = Debug|Any CPU
		{71D7411D-6FD0-454B-8C27-7695349FBD2E}.Debug|Any CPU.Build.0 = Debug|Any CPU
		{71D7411D-6FD0-454B-8C27-7695349FBD2E}.Release|Any CPU.ActiveCfg = Release|Any CPU
		{71D7411D-6FD0-454B-8C27-7695349FBD2E}.Release|Any CPU.Build.0 = Release|Any CPU
	EndGlobalSection
	GlobalSection(SolutionProperties) = preSolution
		HideSolutionNode = FALSE
	EndGlobalSection
	GlobalSection(ExtensibilityGlobals) = postSolution
		SolutionGuid = {33EAC48C-0EAF-4F27-B9D8-36E2AB2522E1}
	EndGlobalSection
EndGlobal
