
Microsoft Visual Studio Solution File, Format Version 12.00
# Visual Studio Version 17
VisualStudioVersion = 17.14.36414.22
MinimumVisualStudioVersion = 10.0.40219.1
Project("{FAE04EC0-301F-11D3-BF4B-00C04F79EFBC}") = "Pacman.Business", "FifteenGame.Business\Pacman.Business.csproj", "{49EFE736-3358-4D0B-A8AF-499A9AE4071F}"
EndProject
Project("{FAE04EC0-301F-11D3-BF4B-00C04F79EFBC}") = "Pacman.web", "Pacman.web\Pacman.web.csproj", "{FA6DF1A5-6D6E-4044-80E4-341A21A474E7}"
EndProject
Global
	GlobalSection(SolutionConfigurationPlatforms) = preSolution
		Debug|Any CPU = Debug|Any CPU
		Release|Any CPU = Release|Any CPU
	EndGlobalSection
	GlobalSection(ProjectConfigurationPlatforms) = postSolution
		{49EFE736-3358-4D0B-A8AF-499A9AE4071F}.Debug|Any CPU.ActiveCfg = Debug|Any CPU
		{49EFE736-3358-4D0B-A8AF-499A9AE4071F}.Debug|Any CPU.Build.0 = Debug|Any CPU
		{49EFE736-3358-4D0B-A8AF-499A9AE4071F}.Release|Any CPU.ActiveCfg = Release|Any CPU
		{49EFE736-3358-4D0B-A8AF-499A9AE4071F}.Release|Any CPU.Build.0 = Release|Any CPU
		{FA6DF1A5-6D6E-4044-80E4-341A21A474E7}.Debug|Any CPU.ActiveCfg = Debug|Any CPU
		{FA6DF1A5-6D6E-4044-80E4-341A21A474E7}.Debug|Any CPU.Build.0 = Debug|Any CPU
		{FA6DF1A5-6D6E-4044-80E4-341A21A474E7}.Release|Any CPU.ActiveCfg = Release|Any CPU
		{FA6DF1A5-6D6E-4044-80E4-341A21A474E7}.Release|Any CPU.Build.0 = Release|Any CPU
	EndGlobalSection
	GlobalSection(SolutionProperties) = preSolution
		HideSolutionNode = FALSE
	EndGlobalSection
	GlobalSection(ExtensibilityGlobals) = postSolution
		SolutionGuid = {2BDA6474-8386-4F4D-8066-E8442CAA6E43}
	EndGlobalSection
EndGlobal
