
Microsoft Visual Studio Solution File, Format Version 12.00
# Visual Studio Version 17
VisualStudioVersion = 17.11.35327.3
MinimumVisualStudioVersion = 10.0.40219.1
Project("{FAE04EC0-301F-11D3-BF4B-00C04F79EFBC}") = "Krestik hilok", "Krestik hilok\Krestik hilok.csproj", "{4FB8FF00-3905-4409-8EF4-DB0325CB5D58}"
EndProject
Global
	GlobalSection(SolutionConfigurationPlatforms) = preSolution
		Debug|Any CPU = Debug|Any CPU
		Release|Any CPU = Release|Any CPU
	EndGlobalSection
	GlobalSection(ProjectConfigurationPlatforms) = postSolution
		{4FB8FF00-3905-4409-8EF4-DB0325CB5D58}.Debug|Any CPU.ActiveCfg = Debug|Any CPU
		{4FB8FF00-3905-4409-8EF4-DB0325CB5D58}.Debug|Any CPU.Build.0 = Debug|Any CPU
		{4FB8FF00-3905-4409-8EF4-DB0325CB5D58}.Release|Any CPU.ActiveCfg = Release|Any CPU
		{4FB8FF00-3905-4409-8EF4-DB0325CB5D58}.Release|Any CPU.Build.0 = Release|Any CPU
	EndGlobalSection
	GlobalSection(SolutionProperties) = preSolution
		HideSolutionNode = FALSE
	EndGlobalSection
	GlobalSection(ExtensibilityGlobals) = postSolution
		SolutionGuid = {94F71DB5-BD86-41FC-836C-FB07C76F499B}
	EndGlobalSection
EndGlobal
