
Microsoft Visual Studio Solution File, Format Version 12.00
# Visual Studio Version 17
VisualStudioVersion = 17.14.36930.0 d17.14
MinimumVisualStudioVersion = 10.0.40219.1
Project("{FAE04EC0-301F-11D3-BF4B-00C04F79EFBC}") = "WpfHello", "WpfHello\WpfHello.csproj", "{CEA48EB3-0269-41DE-B806-A6B66BE266D3}"
EndProject
Global
	GlobalSection(SolutionConfigurationPlatforms) = preSolution
		Debug|Any CPU = Debug|Any CPU
		Release|Any CPU = Release|Any CPU
	EndGlobalSection
	GlobalSection(ProjectConfigurationPlatforms) = postSolution
		{CEA48EB3-0269-41DE-B806-A6B66BE266D3}.Debug|Any CPU.ActiveCfg = Debug|Any CPU
		{CEA48EB3-0269-41DE-B806-A6B66BE266D3}.Debug|Any CPU.Build.0 = Debug|Any CPU
		{CEA48EB3-0269-41DE-B806-A6B66BE266D3}.Release|Any CPU.ActiveCfg = Release|Any CPU
		{CEA48EB3-0269-41DE-B806-A6B66BE266D3}.Release|Any CPU.Build.0 = Release|Any CPU
	EndGlobalSection
	GlobalSection(SolutionProperties) = preSolution
		HideSolutionNode = FALSE
	EndGlobalSection
	GlobalSection(ExtensibilityGlobals) = postSolution
		SolutionGuid = {37796F5B-027A-43CC-89C7-072828555D1E}
	EndGlobalSection
EndGlobal
